// !$*UTF8*$!
{
	archiveVersion = 1;
	classes = {
	};
	objectVersion = 46;
	objects = {

/* Begin PBXBuildFile section */
		2D44500D1EF3A4500023F63C /* AppDelegate.m in Sources */ = {isa = PBXBuildFile; fileRef = 2D44500C1EF3A4500023F63C /* AppDelegate.m */; };
		2D4450101EF3A4500023F63C /* main.m in Sources */ = {isa = PBXBuildFile; fileRef = 2D44500F1EF3A4500023F63C /* main.m */; };
		2D4450151EF3A4500023F63C /* Assets.xcassets in Resources */ = {isa = PBXBuildFile; fileRef = 2D4450141EF3A4500023F63C /* Assets.xcassets */; };
		2D4450181EF3A4500023F63C /* Main.storyboard in Resources */ = {isa = PBXBuildFile; fileRef = 2D4450161EF3A4500023F63C /* Main.storyboard */; };
		2D44503A1EF3A53E0023F63C /* AutoLaunchBalanceHelper.app in CopyFiles */ = {isa = PBXBuildFile; fileRef = 2D4450091EF3A4500023F63C /* AutoLaunchBalanceHelper.app */; settings = {ATTRIBUTES = (RemoveHeadersOnCopy, ); }; };
		2DA7FAB91EF2637700CD8CED /* Sparkle.framework in Frameworks */ = {isa = PBXBuildFile; fileRef = 2DA7FAB81EF2637700CD8CED /* Sparkle.framework */; };
		2DF76CE01F212F6F00EE18BB /* CoinbaseTests.swift in Sources */ = {isa = PBXBuildFile; fileRef = 2DF76CDF1F212F6F00EE18BB /* CoinbaseTests.swift */; };
		530DD1891EF458A400C0DDD3 /* FMDatabasePoolAdditions.m in Sources */ = {isa = PBXBuildFile; fileRef = 530DD1881EF458A400C0DDD3 /* FMDatabasePoolAdditions.m */; };
		532121B61EEAC2BF00F4812A /* AppDelegate.swift in Sources */ = {isa = PBXBuildFile; fileRef = 532121B51EEAC2BF00F4812A /* AppDelegate.swift */; };
		532121C61EEAC47300F4812A /* Database.swift in Sources */ = {isa = PBXBuildFile; fileRef = 532121C51EEAC47300F4812A /* Database.swift */; };
		532121DB1EEAC4DC00F4812A /* FMDatabase.m in Sources */ = {isa = PBXBuildFile; fileRef = 532121CE1EEAC4DC00F4812A /* FMDatabase.m */; };
		532121DC1EEAC4DC00F4812A /* FMDatabaseAdditions.m in Sources */ = {isa = PBXBuildFile; fileRef = 532121D01EEAC4DC00F4812A /* FMDatabaseAdditions.m */; };
		532121DD1EEAC4DC00F4812A /* FMDatabasePool.m in Sources */ = {isa = PBXBuildFile; fileRef = 532121D21EEAC4DC00F4812A /* FMDatabasePool.m */; };
		532121DE1EEAC4DC00F4812A /* FMDatabaseQueue.m in Sources */ = {isa = PBXBuildFile; fileRef = 532121D41EEAC4DC00F4812A /* FMDatabaseQueue.m */; };
		532121DF1EEAC4DC00F4812A /* FMResultSet.m in Sources */ = {isa = PBXBuildFile; fileRef = 532121D71EEAC4DC00F4812A /* FMResultSet.m */; };
		532121E01EEAC4DC00F4812A /* FMDatabaseAdditionsVariadic.swift in Sources */ = {isa = PBXBuildFile; fileRef = 532121D91EEAC4DC00F4812A /* FMDatabaseAdditionsVariadic.swift */; };
		532121E11EEAC4DC00F4812A /* FMDatabaseVariadic.swift in Sources */ = {isa = PBXBuildFile; fileRef = 532121DA1EEAC4DC00F4812A /* FMDatabaseVariadic.swift */; };
		532121E31EEAC4E300F4812A /* libsqlcipher.a in Frameworks */ = {isa = PBXBuildFile; fileRef = 532121E21EEAC4E300F4812A /* libsqlcipher.a */; };
		532121EA1EEAC5F300F4812A /* Singletons.swift in Sources */ = {isa = PBXBuildFile; fileRef = 532121E91EEAC5F300F4812A /* Singletons.swift */; };
		532121FB1EEAC75A00F4812A /* String.swift in Sources */ = {isa = PBXBuildFile; fileRef = 532121FA1EEAC75A00F4812A /* String.swift */; };
		532122091EEAC89B00F4812A /* CCNStatusItem.m in Sources */ = {isa = PBXBuildFile; fileRef = 532121FE1EEAC89B00F4812A /* CCNStatusItem.m */; };
		5321220A1EEAC89B00F4812A /* CCNStatusItemDropView.m in Sources */ = {isa = PBXBuildFile; fileRef = 532122001EEAC89B00F4812A /* CCNStatusItemDropView.m */; };
		5321220B1EEAC89B00F4812A /* CCNStatusItemWindow.m in Sources */ = {isa = PBXBuildFile; fileRef = 532122021EEAC89B00F4812A /* CCNStatusItemWindow.m */; };
		5321220C1EEAC89B00F4812A /* CCNStatusItemWindowBackgroundView.m in Sources */ = {isa = PBXBuildFile; fileRef = 532122041EEAC89B00F4812A /* CCNStatusItemWindowBackgroundView.m */; };
		5321220D1EEAC89B00F4812A /* CCNStatusItemWindowConfiguration.m in Sources */ = {isa = PBXBuildFile; fileRef = 532122061EEAC89B00F4812A /* CCNStatusItemWindowConfiguration.m */; };
		5321220E1EEAC89B00F4812A /* CCNStatusItemWindowController.m in Sources */ = {isa = PBXBuildFile; fileRef = 532122081EEAC89B00F4812A /* CCNStatusItemWindowController.m */; };
		532122111EEAC8CB00F4812A /* AppLock.swift in Sources */ = {isa = PBXBuildFile; fileRef = 5321220F1EEAC8CB00F4812A /* AppLock.swift */; };
		532122141EEAC8E400F4812A /* Logging.swift in Sources */ = {isa = PBXBuildFile; fileRef = 532122131EEAC8E400F4812A /* Logging.swift */; };
		532122171EEAC8F800F4812A /* Syncer.swift in Sources */ = {isa = PBXBuildFile; fileRef = 532122151EEAC8F800F4812A /* Syncer.swift */; };
		532122181EEAC8F800F4812A /* SyncManager.swift in Sources */ = {isa = PBXBuildFile; fileRef = 532122161EEAC8F800F4812A /* SyncManager.swift */; };
		5321221B1EEAC90C00F4812A /* Defaults.swift in Sources */ = {isa = PBXBuildFile; fileRef = 532122191EEAC90C00F4812A /* Defaults.swift */; };
		5321221C1EEAC90C00F4812A /* DefaultsStorage.swift in Sources */ = {isa = PBXBuildFile; fileRef = 5321221A1EEAC90C00F4812A /* DefaultsStorage.swift */; };
		532122231EEAC99000F4812A /* CertValidator.m in Sources */ = {isa = PBXBuildFile; fileRef = 532122221EEAC99000F4812A /* CertValidator.m */; };
		5321222A1EEAD15D00F4812A /* Main.storyboard in Resources */ = {isa = PBXBuildFile; fileRef = 5321222C1EEAD15D00F4812A /* Main.storyboard */; };
		5321222E1EEAD19600F4812A /* main.swift in Sources */ = {isa = PBXBuildFile; fileRef = 5321222D1EEAD19600F4812A /* main.swift */; };
		532122301EEAD1BB00F4812A /* PopoverViewController.swift in Sources */ = {isa = PBXBuildFile; fileRef = 5321222F1EEAD1BB00F4812A /* PopoverViewController.swift */; };
		532122381EEAD1D100F4812A /* PreferencesAccountsViewController.swift in Sources */ = {isa = PBXBuildFile; fileRef = 532122321EEAD1D100F4812A /* PreferencesAccountsViewController.swift */; };
		5321223A1EEAD1D100F4812A /* PreferencesGeneralViewController.swift in Sources */ = {isa = PBXBuildFile; fileRef = 532122341EEAD1D100F4812A /* PreferencesGeneralViewController.swift */; };
		5321223C1EEAD1D100F4812A /* PreferencesSecurityViewController.swift in Sources */ = {isa = PBXBuildFile; fileRef = 532122361EEAD1D100F4812A /* PreferencesSecurityViewController.swift */; };
		5321223D1EEAD1D100F4812A /* PreferencesViewController.swift in Sources */ = {isa = PBXBuildFile; fileRef = 532122371EEAD1D100F4812A /* PreferencesViewController.swift */; };
		532122421EEAD2B700F4812A /* AccountsTabTableCells.swift in Sources */ = {isa = PBXBuildFile; fileRef = 5321223E1EEAD2B700F4812A /* AccountsTabTableCells.swift */; };
		532122441EEAD2B700F4812A /* AccountsTabViewController.swift in Sources */ = {isa = PBXBuildFile; fileRef = 532122401EEAD2B700F4812A /* AccountsTabViewController.swift */; };
		532122451EEAD2B700F4812A /* AccountsTabViewModel.swift in Sources */ = {isa = PBXBuildFile; fileRef = 532122411EEAD2B700F4812A /* AccountsTabViewModel.swift */; };
		532122481EEAD32B00F4812A /* Theme.swift in Sources */ = {isa = PBXBuildFile; fileRef = 532122461EEAD32B00F4812A /* Theme.swift */; };
		5321224C1EEAD35F00F4812A /* DarkTheme.swift in Sources */ = {isa = PBXBuildFile; fileRef = 5321224A1EEAD35F00F4812A /* DarkTheme.swift */; };
		5321224D1EEAD35F00F4812A /* LightTheme.swift in Sources */ = {isa = PBXBuildFile; fileRef = 5321224B1EEAD35F00F4812A /* LightTheme.swift */; };
		532122531EEAD5BF00F4812A /* TabsViewController.swift in Sources */ = {isa = PBXBuildFile; fileRef = 532122521EEAD5BF00F4812A /* TabsViewController.swift */; };
		532122561EEAD65B00F4812A /* View.swift in Sources */ = {isa = PBXBuildFile; fileRef = 532122551EEAD65B00F4812A /* View.swift */; };
		532122581EEAD66000F4812A /* Button.swift in Sources */ = {isa = PBXBuildFile; fileRef = 532122571EEAD66000F4812A /* Button.swift */; };
		5321225A1EEAD67300F4812A /* OrderedDictionary.swift in Sources */ = {isa = PBXBuildFile; fileRef = 532122591EEAD67300F4812A /* OrderedDictionary.swift */; };
		532122641EEAD75C00F4812A /* SectionedTableView.swift in Sources */ = {isa = PBXBuildFile; fileRef = 532122631EEAD75C00F4812A /* SectionedTableView.swift */; };
		532122661EEAD76C00F4812A /* TableView.swift in Sources */ = {isa = PBXBuildFile; fileRef = 532122651EEAD76C00F4812A /* TableView.swift */; };
		5321226A1EEAD7BD00F4812A /* Account.swift in Sources */ = {isa = PBXBuildFile; fileRef = 532122681EEAD7BD00F4812A /* Account.swift */; };
		5321226B1EEAD7BD00F4812A /* Institution.swift in Sources */ = {isa = PBXBuildFile; fileRef = 532122691EEAD7BD00F4812A /* Institution.swift */; };
		5321226D1EEAD7DD00F4812A /* NotificationCenter.swift in Sources */ = {isa = PBXBuildFile; fileRef = 5321226C1EEAD7DD00F4812A /* NotificationCenter.swift */; };
		532122701EEAD7F800F4812A /* Notifications.swift in Sources */ = {isa = PBXBuildFile; fileRef = 5321226F1EEAD7F800F4812A /* Notifications.swift */; };
		532122721EEAD80B00F4812A /* Utils.swift in Sources */ = {isa = PBXBuildFile; fileRef = 532122711EEAD80B00F4812A /* Utils.swift */; };
		532122761EEAD87000F4812A /* CwlSysctl.swift in Sources */ = {isa = PBXBuildFile; fileRef = 532122751EEAD87000F4812A /* CwlSysctl.swift */; };
		532122781EEAD89300F4812A /* TabViewModel.swift in Sources */ = {isa = PBXBuildFile; fileRef = 532122771EEAD89300F4812A /* TabViewModel.swift */; };
		5321227B1EEAD8D000F4812A /* Source.swift in Sources */ = {isa = PBXBuildFile; fileRef = 5321227A1EEAD8D000F4812A /* Source.swift */; };
		5321227D1EEAD8DA00F4812A /* AccountType.swift in Sources */ = {isa = PBXBuildFile; fileRef = 5321227C1EEAD8DA00F4812A /* AccountType.swift */; };
		5321227F1EEAD9D300F4812A /* ScrollView.swift in Sources */ = {isa = PBXBuildFile; fileRef = 5321227E1EEAD9D300F4812A /* ScrollView.swift */; };
		532122811EEADA0700F4812A /* LabelField.swift in Sources */ = {isa = PBXBuildFile; fileRef = 532122801EEADA0700F4812A /* LabelField.swift */; };
		532122831EEADA1100F4812A /* ImageView.swift in Sources */ = {isa = PBXBuildFile; fileRef = 532122821EEADA1100F4812A /* ImageView.swift */; };
		532122851EEADA2B00F4812A /* NSView.swift in Sources */ = {isa = PBXBuildFile; fileRef = 532122841EEADA2B00F4812A /* NSView.swift */; };
		532122871EEADA5800F4812A /* TextField.swift in Sources */ = {isa = PBXBuildFile; fileRef = 532122861EEADA5800F4812A /* TextField.swift */; };
		5321228A1EEADC9600F4812A /* ObjC.m in Sources */ = {isa = PBXBuildFile; fileRef = 532122891EEADC9600F4812A /* ObjC.m */; };
		5321228C1EEADD0200F4812A /* NetworkStatus.swift in Sources */ = {isa = PBXBuildFile; fileRef = 5321228B1EEADD0200F4812A /* NetworkStatus.swift */; };
		5321228E1EEADD3500F4812A /* ServerMessage.swift in Sources */ = {isa = PBXBuildFile; fileRef = 5321228D1EEADD3500F4812A /* ServerMessage.swift */; };
		532122901EEADE1D00F4812A /* PaintCodeView.swift in Sources */ = {isa = PBXBuildFile; fileRef = 5321228F1EEADE1D00F4812A /* PaintCodeView.swift */; };
		532122921EEADE2700F4812A /* VisualEffectView.swift in Sources */ = {isa = PBXBuildFile; fileRef = 532122911EEADE2700F4812A /* VisualEffectView.swift */; };
		532122941EEADE4B00F4812A /* HoverTableRowView.swift in Sources */ = {isa = PBXBuildFile; fileRef = 532122931EEADE4B00F4812A /* HoverTableRowView.swift */; };
		532122961EEADE9400F4812A /* TableRowView.swift in Sources */ = {isa = PBXBuildFile; fileRef = 532122951EEADE9400F4812A /* TableRowView.swift */; };
		532122981EEADEBD00F4812A /* NSColor.swift in Sources */ = {isa = PBXBuildFile; fileRef = 532122971EEADEBD00F4812A /* NSColor.swift */; };
		5321229A1EEADFE500F4812A /* QCMethod.swift in Sources */ = {isa = PBXBuildFile; fileRef = 532122991EEADFE500F4812A /* QCMethod.swift */; };
		5321229C1EEADFF500F4812A /* SyncCircle.swift in Sources */ = {isa = PBXBuildFile; fileRef = 5321229B1EEADFF500F4812A /* SyncCircle.swift */; };
		5321229E1EEAE00600F4812A /* SyncButton.swift in Sources */ = {isa = PBXBuildFile; fileRef = 5321229D1EEAE00600F4812A /* SyncButton.swift */; };
		532122A01EEAE01400F4812A /* SyncDefaults.swift in Sources */ = {isa = PBXBuildFile; fileRef = 5321229F1EEAE01400F4812A /* SyncDefaults.swift */; };
		532122A81EEAE3E500F4812A /* DispatchQueue.swift in Sources */ = {isa = PBXBuildFile; fileRef = 532122A71EEAE3E500F4812A /* DispatchQueue.swift */; };
		532122AA1EEAE3F300F4812A /* NSFont.swift in Sources */ = {isa = PBXBuildFile; fileRef = 532122A91EEAE3F300F4812A /* NSFont.swift */; };
		532122AC1EEAE56400F4812A /* Shortcut.swift in Sources */ = {isa = PBXBuildFile; fileRef = 532122AB1EEAE56400F4812A /* Shortcut.swift */; };
		532122AF1EEAE6F700F4812A /* PreferencesAccounts.swift in Sources */ = {isa = PBXBuildFile; fileRef = 532122AE1EEAE6F700F4812A /* PreferencesAccounts.swift */; };
		532122B11EEAE85500F4812A /* AccountConnectionErrors.swift in Sources */ = {isa = PBXBuildFile; fileRef = 532122B01EEAE85500F4812A /* AccountConnectionErrors.swift */; };
		532122B31EEAE86C00F4812A /* PaintCodeButton.swift in Sources */ = {isa = PBXBuildFile; fileRef = 532122B21EEAE86C00F4812A /* PaintCodeButton.swift */; };
		532122B51EEAE89A00F4812A /* TypeAliases.swift in Sources */ = {isa = PBXBuildFile; fileRef = 532122B41EEAE89A00F4812A /* TypeAliases.swift */; };
		532122B71EEAE93400F4812A /* NSImage.swift in Sources */ = {isa = PBXBuildFile; fileRef = 532122B61EEAE93400F4812A /* NSImage.swift */; };
		532122B91EEAEAE600F4812A /* Date.swift in Sources */ = {isa = PBXBuildFile; fileRef = 532122B81EEAEAE600F4812A /* Date.swift */; };
		532122BB1EEAED1F00F4812A /* SetPasswordViewController.swift in Sources */ = {isa = PBXBuildFile; fileRef = 532122BA1EEAED1F00F4812A /* SetPasswordViewController.swift */; };
		532122BD1EEAED3100F4812A /* ChangePasswordViewController.swift in Sources */ = {isa = PBXBuildFile; fileRef = 532122BC1EEAED3100F4812A /* ChangePasswordViewController.swift */; };
		532122BF1EEAED4200F4812A /* DisablePasswordViewController.swift in Sources */ = {isa = PBXBuildFile; fileRef = 532122BE1EEAED4200F4812A /* DisablePasswordViewController.swift */; };
		532122C31EEAEDC400F4812A /* BalanceTextField.swift in Sources */ = {isa = PBXBuildFile; fileRef = 532122C21EEAEDC400F4812A /* BalanceTextField.swift */; };
		532122C51EEAEE5900F4812A /* SecureField.swift in Sources */ = {isa = PBXBuildFile; fileRef = 532122C41EEAEE5900F4812A /* SecureField.swift */; };
		532122C91EEAF09700F4812A /* Assets.xcassets in Resources */ = {isa = PBXBuildFile; fileRef = 532122C81EEAF09700F4812A /* Assets.xcassets */; };
		532122CB1EEAFDF100F4812A /* LockViewController.swift in Sources */ = {isa = PBXBuildFile; fileRef = 532122CA1EEAFDF100F4812A /* LockViewController.swift */; };
		532122CD1EEAFF6300F4812A /* NSWindow.swift in Sources */ = {isa = PBXBuildFile; fileRef = 532122CC1EEAFF6300F4812A /* NSWindow.swift */; };
		532122CF1EEB008700F4812A /* AddAccountViewController.swift in Sources */ = {isa = PBXBuildFile; fileRef = 532122CE1EEB008700F4812A /* AddAccountViewController.swift */; };
		532122D11EEB04DA00F4812A /* HoverButton.swift in Sources */ = {isa = PBXBuildFile; fileRef = 532122D01EEB04DA00F4812A /* HoverButton.swift */; };
		532122D31EEB05A800F4812A /* AddAccountButtons.swift in Sources */ = {isa = PBXBuildFile; fileRef = 532122D21EEB05A800F4812A /* AddAccountButtons.swift */; };
		5353D3421EF4096D003EE2F5 /* Locksmith.framework in Frameworks */ = {isa = PBXBuildFile; fileRef = 5353D33A1EF4096D003EE2F5 /* Locksmith.framework */; };
		5353D3431EF4096D003EE2F5 /* MASShortcut.framework in Frameworks */ = {isa = PBXBuildFile; fileRef = 5353D33B1EF4096D003EE2F5 /* MASShortcut.framework */; };
		5353D3451EF4096D003EE2F5 /* ObjcExceptionBridging.framework in Frameworks */ = {isa = PBXBuildFile; fileRef = 5353D33D1EF4096D003EE2F5 /* ObjcExceptionBridging.framework */; };
		5353D3491EF4096D003EE2F5 /* XCGLogger.framework in Frameworks */ = {isa = PBXBuildFile; fileRef = 5353D3411EF4096D003EE2F5 /* XCGLogger.framework */; };
		5353D34B1EF409F3003EE2F5 /* Locksmith.framework in Embed Frameworks */ = {isa = PBXBuildFile; fileRef = 5353D33A1EF4096D003EE2F5 /* Locksmith.framework */; settings = {ATTRIBUTES = (CodeSignOnCopy, RemoveHeadersOnCopy, ); }; };
		5353D34D1EF409F3003EE2F5 /* MASShortcut.framework in Embed Frameworks */ = {isa = PBXBuildFile; fileRef = 5353D33B1EF4096D003EE2F5 /* MASShortcut.framework */; settings = {ATTRIBUTES = (CodeSignOnCopy, RemoveHeadersOnCopy, ); }; };
		5353D34E1EF409F3003EE2F5 /* NSDateTimeAgo.framework in Frameworks */ = {isa = PBXBuildFile; fileRef = 5353D33C1EF4096D003EE2F5 /* NSDateTimeAgo.framework */; };
		5353D34F1EF409F3003EE2F5 /* NSDateTimeAgo.framework in Embed Frameworks */ = {isa = PBXBuildFile; fileRef = 5353D33C1EF4096D003EE2F5 /* NSDateTimeAgo.framework */; settings = {ATTRIBUTES = (CodeSignOnCopy, RemoveHeadersOnCopy, ); }; };
		5353D3511EF409F3003EE2F5 /* ObjcExceptionBridging.framework in Embed Frameworks */ = {isa = PBXBuildFile; fileRef = 5353D33D1EF4096D003EE2F5 /* ObjcExceptionBridging.framework */; settings = {ATTRIBUTES = (CodeSignOnCopy, RemoveHeadersOnCopy, ); }; };
		5353D3521EF409F3003EE2F5 /* Reachability.framework in Frameworks */ = {isa = PBXBuildFile; fileRef = 5353D33E1EF4096D003EE2F5 /* Reachability.framework */; };
		5353D3531EF409F3003EE2F5 /* Reachability.framework in Embed Frameworks */ = {isa = PBXBuildFile; fileRef = 5353D33E1EF4096D003EE2F5 /* Reachability.framework */; settings = {ATTRIBUTES = (CodeSignOnCopy, RemoveHeadersOnCopy, ); }; };
		5353D3541EF409F3003EE2F5 /* SnapKit.framework in Frameworks */ = {isa = PBXBuildFile; fileRef = 5353D33F1EF4096D003EE2F5 /* SnapKit.framework */; };
		5353D3551EF409F3003EE2F5 /* SnapKit.framework in Embed Frameworks */ = {isa = PBXBuildFile; fileRef = 5353D33F1EF4096D003EE2F5 /* SnapKit.framework */; settings = {ATTRIBUTES = (CodeSignOnCopy, RemoveHeadersOnCopy, ); }; };
		5353D3561EF409F3003EE2F5 /* TrustKit.framework in Frameworks */ = {isa = PBXBuildFile; fileRef = 5353D3401EF4096D003EE2F5 /* TrustKit.framework */; };
		5353D3571EF409F3003EE2F5 /* TrustKit.framework in Embed Frameworks */ = {isa = PBXBuildFile; fileRef = 5353D3401EF4096D003EE2F5 /* TrustKit.framework */; settings = {ATTRIBUTES = (CodeSignOnCopy, RemoveHeadersOnCopy, ); }; };
		5353D3591EF409F3003EE2F5 /* XCGLogger.framework in Embed Frameworks */ = {isa = PBXBuildFile; fileRef = 5353D3411EF4096D003EE2F5 /* XCGLogger.framework */; settings = {ATTRIBUTES = (CodeSignOnCopy, RemoveHeadersOnCopy, ); }; };
		538A2C651EFD277700C542C4 /* LetsMove.framework in Frameworks */ = {isa = PBXBuildFile; fileRef = 538A2C641EFD277700C542C4 /* LetsMove.framework */; };
		538A2C681EFD278000C542C4 /* Security.framework in Frameworks */ = {isa = PBXBuildFile; fileRef = 538A2C671EFD278000C542C4 /* Security.framework */; };
		538A2C691EFD278A00C542C4 /* LetsMove.framework in Embed Frameworks */ = {isa = PBXBuildFile; fileRef = 538A2C641EFD277700C542C4 /* LetsMove.framework */; settings = {ATTRIBUTES = (CodeSignOnCopy, RemoveHeadersOnCopy, ); }; };
		538A2C6A1EFD279900C542C4 /* Sparkle.framework in Embed Frameworks */ = {isa = PBXBuildFile; fileRef = 2DA7FAB81EF2637700CD8CED /* Sparkle.framework */; settings = {ATTRIBUTES = (CodeSignOnCopy, RemoveHeadersOnCopy, ); }; };
		538A2C6D1EFD27C700C542C4 /* PFMoveApplication.m in Sources */ = {isa = PBXBuildFile; fileRef = 538A2C6C1EFD27C700C542C4 /* PFMoveApplication.m */; settings = {COMPILER_FLAGS = "-fno-objc-arc"; }; };
		53946F9F1EEB10AA00E921C3 /* KeychainManagement.swift in Sources */ = {isa = PBXBuildFile; fileRef = 53946F9D1EEB10AA00E921C3 /* KeychainManagement.swift */; };
		53946FA01EEB10AA00E921C3 /* KeychainManager.swift in Sources */ = {isa = PBXBuildFile; fileRef = 53946F9E1EEB10AA00E921C3 /* KeychainManager.swift */; };
		53946FA31EEF0B0B00E921C3 /* CoinbaseAccount.swift in Sources */ = {isa = PBXBuildFile; fileRef = 53946FA21EEF0B0B00E921C3 /* CoinbaseAccount.swift */; };
		53946FA51EF0035200E921C3 /* CoinbaseApi.swift in Sources */ = {isa = PBXBuildFile; fileRef = 53946FA41EF0035200E921C3 /* CoinbaseApi.swift */; };
		53F8E2EA1EF1B6E90071FC73 /* Currency.swift in Sources */ = {isa = PBXBuildFile; fileRef = 53F8E2E91EF1B6E90071FC73 /* Currency.swift */; };
		53FA53001EF3FA93002990B0 /* InstitutionButtons.swift in Sources */ = {isa = PBXBuildFile; fileRef = 53FA52FE1EF3FA93002990B0 /* InstitutionButtons.swift */; };
		53FA53011EF3FA93002990B0 /* InstitutionHeaderBars.swift in Sources */ = {isa = PBXBuildFile; fileRef = 53FA52FF1EF3FA93002990B0 /* InstitutionHeaderBars.swift */; };
		53FA53041EF3FAFE002990B0 /* InstitutionDefaultBar.swift in Sources */ = {isa = PBXBuildFile; fileRef = 53FA53021EF3FAFE002990B0 /* InstitutionDefaultBar.swift */; };
		53FA53051EF3FAFE002990B0 /* InstitutionHeaders.swift in Sources */ = {isa = PBXBuildFile; fileRef = 53FA53031EF3FAFE002990B0 /* InstitutionHeaders.swift */; };
/* End PBXBuildFile section */

/* Begin PBXContainerItemProxy section */
		2DF76CE21F212F6F00EE18BB /* PBXContainerItemProxy */ = {
			isa = PBXContainerItemProxy;
			containerPortal = 532121AA1EEAC2BF00F4812A /* Project object */;
			proxyType = 1;
			remoteGlobalIDString = 532121B11EEAC2BF00F4812A;
			remoteInfo = BalanceOpen;
		};
/* End PBXContainerItemProxy section */

/* Begin PBXCopyFilesBuildPhase section */
		2D4450391EF3A4DF0023F63C /* CopyFiles */ = {
			isa = PBXCopyFilesBuildPhase;
			buildActionMask = 2147483647;
			dstPath = Contents/Library/LoginItems;
			dstSubfolderSpec = 1;
			files = (
				2D44503A1EF3A53E0023F63C /* AutoLaunchBalanceHelper.app in CopyFiles */,
			);
			runOnlyForDeploymentPostprocessing = 0;
		};
		532121F81EEAC72D00F4812A /* Embed Frameworks */ = {
			isa = PBXCopyFilesBuildPhase;
			buildActionMask = 2147483647;
			dstPath = "";
			dstSubfolderSpec = 10;
			files = (
				538A2C6A1EFD279900C542C4 /* Sparkle.framework in Embed Frameworks */,
				538A2C691EFD278A00C542C4 /* LetsMove.framework in Embed Frameworks */,
				5353D34D1EF409F3003EE2F5 /* MASShortcut.framework in Embed Frameworks */,
				5353D3591EF409F3003EE2F5 /* XCGLogger.framework in Embed Frameworks */,
				5353D3571EF409F3003EE2F5 /* TrustKit.framework in Embed Frameworks */,
				5353D34F1EF409F3003EE2F5 /* NSDateTimeAgo.framework in Embed Frameworks */,
				5353D3531EF409F3003EE2F5 /* Reachability.framework in Embed Frameworks */,
				5353D3551EF409F3003EE2F5 /* SnapKit.framework in Embed Frameworks */,
				5353D3511EF409F3003EE2F5 /* ObjcExceptionBridging.framework in Embed Frameworks */,
				5353D34B1EF409F3003EE2F5 /* Locksmith.framework in Embed Frameworks */,
			);
			name = "Embed Frameworks";
			runOnlyForDeploymentPostprocessing = 0;
		};
/* End PBXCopyFilesBuildPhase section */

/* Begin PBXFileReference section */
		2D4450091EF3A4500023F63C /* AutoLaunchBalanceHelper.app */ = {isa = PBXFileReference; explicitFileType = wrapper.application; includeInIndex = 0; path = AutoLaunchBalanceHelper.app; sourceTree = BUILT_PRODUCTS_DIR; };
		2D44500B1EF3A4500023F63C /* AppDelegate.h */ = {isa = PBXFileReference; lastKnownFileType = sourcecode.c.h; path = AppDelegate.h; sourceTree = "<group>"; };
		2D44500C1EF3A4500023F63C /* AppDelegate.m */ = {isa = PBXFileReference; lastKnownFileType = sourcecode.c.objc; path = AppDelegate.m; sourceTree = "<group>"; };
		2D44500F1EF3A4500023F63C /* main.m */ = {isa = PBXFileReference; lastKnownFileType = sourcecode.c.objc; path = main.m; sourceTree = "<group>"; };
		2D4450141EF3A4500023F63C /* Assets.xcassets */ = {isa = PBXFileReference; lastKnownFileType = folder.assetcatalog; path = Assets.xcassets; sourceTree = "<group>"; };
		2D4450171EF3A4500023F63C /* Base */ = {isa = PBXFileReference; lastKnownFileType = file.storyboard; name = Base; path = Base.lproj/Main.storyboard; sourceTree = "<group>"; };
		2D4450191EF3A4500023F63C /* Info.plist */ = {isa = PBXFileReference; lastKnownFileType = text.plist.xml; path = Info.plist; sourceTree = "<group>"; };
		2DA7FAB81EF2637700CD8CED /* Sparkle.framework */ = {isa = PBXFileReference; lastKnownFileType = wrapper.framework; path = Sparkle.framework; sourceTree = "<group>"; };
		2DF76CDD1F212F6F00EE18BB /* BalanceOpenTests.xctest */ = {isa = PBXFileReference; explicitFileType = wrapper.cfbundle; includeInIndex = 0; path = BalanceOpenTests.xctest; sourceTree = BUILT_PRODUCTS_DIR; };
		2DF76CDF1F212F6F00EE18BB /* CoinbaseTests.swift */ = {isa = PBXFileReference; lastKnownFileType = sourcecode.swift; path = CoinbaseTests.swift; sourceTree = "<group>"; };
		2DF76CE11F212F6F00EE18BB /* Info.plist */ = {isa = PBXFileReference; lastKnownFileType = text.plist.xml; path = Info.plist; sourceTree = "<group>"; };
		530DD1871EF458A400C0DDD3 /* FMDatabasePoolAdditions.h */ = {isa = PBXFileReference; fileEncoding = 4; lastKnownFileType = sourcecode.c.h; path = FMDatabasePoolAdditions.h; sourceTree = "<group>"; };
		530DD1881EF458A400C0DDD3 /* FMDatabasePoolAdditions.m */ = {isa = PBXFileReference; fileEncoding = 4; lastKnownFileType = sourcecode.c.objc; path = FMDatabasePoolAdditions.m; sourceTree = "<group>"; };
		532121B21EEAC2BF00F4812A /* BalanceOpen.app */ = {isa = PBXFileReference; explicitFileType = wrapper.application; includeInIndex = 0; path = BalanceOpen.app; sourceTree = BUILT_PRODUCTS_DIR; };
		532121B51EEAC2BF00F4812A /* AppDelegate.swift */ = {isa = PBXFileReference; lastKnownFileType = sourcecode.swift; path = AppDelegate.swift; sourceTree = "<group>"; };
		532121BE1EEAC2BF00F4812A /* Info.plist */ = {isa = PBXFileReference; lastKnownFileType = text.plist.xml; path = Info.plist; sourceTree = "<group>"; };
		532121C51EEAC47300F4812A /* Database.swift */ = {isa = PBXFileReference; fileEncoding = 4; lastKnownFileType = sourcecode.swift; path = Database.swift; sourceTree = "<group>"; };
		532121CD1EEAC4DC00F4812A /* FMDatabase.h */ = {isa = PBXFileReference; fileEncoding = 4; lastKnownFileType = sourcecode.c.h; path = FMDatabase.h; sourceTree = "<group>"; };
		532121CE1EEAC4DC00F4812A /* FMDatabase.m */ = {isa = PBXFileReference; fileEncoding = 4; lastKnownFileType = sourcecode.c.objc; path = FMDatabase.m; sourceTree = "<group>"; };
		532121CF1EEAC4DC00F4812A /* FMDatabaseAdditions.h */ = {isa = PBXFileReference; fileEncoding = 4; lastKnownFileType = sourcecode.c.h; path = FMDatabaseAdditions.h; sourceTree = "<group>"; };
		532121D01EEAC4DC00F4812A /* FMDatabaseAdditions.m */ = {isa = PBXFileReference; fileEncoding = 4; lastKnownFileType = sourcecode.c.objc; path = FMDatabaseAdditions.m; sourceTree = "<group>"; };
		532121D11EEAC4DC00F4812A /* FMDatabasePool.h */ = {isa = PBXFileReference; fileEncoding = 4; lastKnownFileType = sourcecode.c.h; path = FMDatabasePool.h; sourceTree = "<group>"; };
		532121D21EEAC4DC00F4812A /* FMDatabasePool.m */ = {isa = PBXFileReference; fileEncoding = 4; lastKnownFileType = sourcecode.c.objc; path = FMDatabasePool.m; sourceTree = "<group>"; };
		532121D31EEAC4DC00F4812A /* FMDatabaseQueue.h */ = {isa = PBXFileReference; fileEncoding = 4; lastKnownFileType = sourcecode.c.h; path = FMDatabaseQueue.h; sourceTree = "<group>"; };
		532121D41EEAC4DC00F4812A /* FMDatabaseQueue.m */ = {isa = PBXFileReference; fileEncoding = 4; lastKnownFileType = sourcecode.c.objc; path = FMDatabaseQueue.m; sourceTree = "<group>"; };
		532121D51EEAC4DC00F4812A /* FMDB.h */ = {isa = PBXFileReference; fileEncoding = 4; lastKnownFileType = sourcecode.c.h; path = FMDB.h; sourceTree = "<group>"; };
		532121D61EEAC4DC00F4812A /* FMResultSet.h */ = {isa = PBXFileReference; fileEncoding = 4; lastKnownFileType = sourcecode.c.h; path = FMResultSet.h; sourceTree = "<group>"; };
		532121D71EEAC4DC00F4812A /* FMResultSet.m */ = {isa = PBXFileReference; fileEncoding = 4; lastKnownFileType = sourcecode.c.objc; path = FMResultSet.m; sourceTree = "<group>"; };
		532121D91EEAC4DC00F4812A /* FMDatabaseAdditionsVariadic.swift */ = {isa = PBXFileReference; fileEncoding = 4; lastKnownFileType = sourcecode.swift; path = FMDatabaseAdditionsVariadic.swift; sourceTree = "<group>"; };
		532121DA1EEAC4DC00F4812A /* FMDatabaseVariadic.swift */ = {isa = PBXFileReference; fileEncoding = 4; lastKnownFileType = sourcecode.swift; path = FMDatabaseVariadic.swift; sourceTree = "<group>"; };
		532121E21EEAC4E300F4812A /* libsqlcipher.a */ = {isa = PBXFileReference; lastKnownFileType = archive.ar; path = libsqlcipher.a; sourceTree = "<group>"; };
		532121E41EEAC53A00F4812A /* Bridging-Header.h */ = {isa = PBXFileReference; lastKnownFileType = sourcecode.c.h; path = "Bridging-Header.h"; sourceTree = "<group>"; };
		532121E91EEAC5F300F4812A /* Singletons.swift */ = {isa = PBXFileReference; fileEncoding = 4; lastKnownFileType = sourcecode.swift; path = Singletons.swift; sourceTree = "<group>"; };
		532121FA1EEAC75A00F4812A /* String.swift */ = {isa = PBXFileReference; fileEncoding = 4; lastKnownFileType = sourcecode.swift; path = String.swift; sourceTree = "<group>"; };
		532121FD1EEAC89B00F4812A /* CCNStatusItem.h */ = {isa = PBXFileReference; fileEncoding = 4; lastKnownFileType = sourcecode.c.h; path = CCNStatusItem.h; sourceTree = "<group>"; };
		532121FE1EEAC89B00F4812A /* CCNStatusItem.m */ = {isa = PBXFileReference; fileEncoding = 4; lastKnownFileType = sourcecode.c.objc; path = CCNStatusItem.m; sourceTree = "<group>"; };
		532121FF1EEAC89B00F4812A /* CCNStatusItemDropView.h */ = {isa = PBXFileReference; fileEncoding = 4; lastKnownFileType = sourcecode.c.h; path = CCNStatusItemDropView.h; sourceTree = "<group>"; };
		532122001EEAC89B00F4812A /* CCNStatusItemDropView.m */ = {isa = PBXFileReference; fileEncoding = 4; lastKnownFileType = sourcecode.c.objc; path = CCNStatusItemDropView.m; sourceTree = "<group>"; };
		532122011EEAC89B00F4812A /* CCNStatusItemWindow.h */ = {isa = PBXFileReference; fileEncoding = 4; lastKnownFileType = sourcecode.c.h; path = CCNStatusItemWindow.h; sourceTree = "<group>"; };
		532122021EEAC89B00F4812A /* CCNStatusItemWindow.m */ = {isa = PBXFileReference; fileEncoding = 4; lastKnownFileType = sourcecode.c.objc; path = CCNStatusItemWindow.m; sourceTree = "<group>"; };
		532122031EEAC89B00F4812A /* CCNStatusItemWindowBackgroundView.h */ = {isa = PBXFileReference; fileEncoding = 4; lastKnownFileType = sourcecode.c.h; path = CCNStatusItemWindowBackgroundView.h; sourceTree = "<group>"; };
		532122041EEAC89B00F4812A /* CCNStatusItemWindowBackgroundView.m */ = {isa = PBXFileReference; fileEncoding = 4; lastKnownFileType = sourcecode.c.objc; path = CCNStatusItemWindowBackgroundView.m; sourceTree = "<group>"; };
		532122051EEAC89B00F4812A /* CCNStatusItemWindowConfiguration.h */ = {isa = PBXFileReference; fileEncoding = 4; lastKnownFileType = sourcecode.c.h; path = CCNStatusItemWindowConfiguration.h; sourceTree = "<group>"; };
		532122061EEAC89B00F4812A /* CCNStatusItemWindowConfiguration.m */ = {isa = PBXFileReference; fileEncoding = 4; lastKnownFileType = sourcecode.c.objc; path = CCNStatusItemWindowConfiguration.m; sourceTree = "<group>"; };
		532122071EEAC89B00F4812A /* CCNStatusItemWindowController.h */ = {isa = PBXFileReference; fileEncoding = 4; lastKnownFileType = sourcecode.c.h; path = CCNStatusItemWindowController.h; sourceTree = "<group>"; };
		532122081EEAC89B00F4812A /* CCNStatusItemWindowController.m */ = {isa = PBXFileReference; fileEncoding = 4; lastKnownFileType = sourcecode.c.objc; path = CCNStatusItemWindowController.m; sourceTree = "<group>"; };
		5321220F1EEAC8CB00F4812A /* AppLock.swift */ = {isa = PBXFileReference; fileEncoding = 4; lastKnownFileType = sourcecode.swift; path = AppLock.swift; sourceTree = "<group>"; };
		532122131EEAC8E400F4812A /* Logging.swift */ = {isa = PBXFileReference; fileEncoding = 4; lastKnownFileType = sourcecode.swift; path = Logging.swift; sourceTree = "<group>"; };
		532122151EEAC8F800F4812A /* Syncer.swift */ = {isa = PBXFileReference; fileEncoding = 4; lastKnownFileType = sourcecode.swift; path = Syncer.swift; sourceTree = "<group>"; };
		532122161EEAC8F800F4812A /* SyncManager.swift */ = {isa = PBXFileReference; fileEncoding = 4; lastKnownFileType = sourcecode.swift; path = SyncManager.swift; sourceTree = "<group>"; };
		532122191EEAC90C00F4812A /* Defaults.swift */ = {isa = PBXFileReference; fileEncoding = 4; lastKnownFileType = sourcecode.swift; path = Defaults.swift; sourceTree = "<group>"; };
		5321221A1EEAC90C00F4812A /* DefaultsStorage.swift */ = {isa = PBXFileReference; fileEncoding = 4; lastKnownFileType = sourcecode.swift; path = DefaultsStorage.swift; sourceTree = "<group>"; };
		532122211EEAC99000F4812A /* CertValidator.h */ = {isa = PBXFileReference; fileEncoding = 4; lastKnownFileType = sourcecode.c.h; path = CertValidator.h; sourceTree = "<group>"; };
		532122221EEAC99000F4812A /* CertValidator.m */ = {isa = PBXFileReference; fileEncoding = 4; lastKnownFileType = sourcecode.c.objc; path = CertValidator.m; sourceTree = "<group>"; };
		5321222B1EEAD15D00F4812A /* Base */ = {isa = PBXFileReference; lastKnownFileType = file.storyboard; name = Base; path = Base.lproj/Main.storyboard; sourceTree = "<group>"; };
		5321222D1EEAD19600F4812A /* main.swift */ = {isa = PBXFileReference; fileEncoding = 4; lastKnownFileType = sourcecode.swift; path = main.swift; sourceTree = "<group>"; };
		5321222F1EEAD1BB00F4812A /* PopoverViewController.swift */ = {isa = PBXFileReference; fileEncoding = 4; lastKnownFileType = sourcecode.swift; path = PopoverViewController.swift; sourceTree = "<group>"; };
		532122321EEAD1D100F4812A /* PreferencesAccountsViewController.swift */ = {isa = PBXFileReference; fileEncoding = 4; lastKnownFileType = sourcecode.swift; path = PreferencesAccountsViewController.swift; sourceTree = "<group>"; };
		532122341EEAD1D100F4812A /* PreferencesGeneralViewController.swift */ = {isa = PBXFileReference; fileEncoding = 4; lastKnownFileType = sourcecode.swift; path = PreferencesGeneralViewController.swift; sourceTree = "<group>"; };
		532122361EEAD1D100F4812A /* PreferencesSecurityViewController.swift */ = {isa = PBXFileReference; fileEncoding = 4; lastKnownFileType = sourcecode.swift; path = PreferencesSecurityViewController.swift; sourceTree = "<group>"; };
		532122371EEAD1D100F4812A /* PreferencesViewController.swift */ = {isa = PBXFileReference; fileEncoding = 4; lastKnownFileType = sourcecode.swift; path = PreferencesViewController.swift; sourceTree = "<group>"; };
		5321223E1EEAD2B700F4812A /* AccountsTabTableCells.swift */ = {isa = PBXFileReference; fileEncoding = 4; lastKnownFileType = sourcecode.swift; path = AccountsTabTableCells.swift; sourceTree = "<group>"; };
		532122401EEAD2B700F4812A /* AccountsTabViewController.swift */ = {isa = PBXFileReference; fileEncoding = 4; lastKnownFileType = sourcecode.swift; path = AccountsTabViewController.swift; sourceTree = "<group>"; };
		532122411EEAD2B700F4812A /* AccountsTabViewModel.swift */ = {isa = PBXFileReference; fileEncoding = 4; lastKnownFileType = sourcecode.swift; path = AccountsTabViewModel.swift; sourceTree = "<group>"; };
		532122461EEAD32B00F4812A /* Theme.swift */ = {isa = PBXFileReference; fileEncoding = 4; lastKnownFileType = sourcecode.swift; path = Theme.swift; sourceTree = "<group>"; };
		5321224A1EEAD35F00F4812A /* DarkTheme.swift */ = {isa = PBXFileReference; fileEncoding = 4; lastKnownFileType = sourcecode.swift; path = DarkTheme.swift; sourceTree = "<group>"; };
		5321224B1EEAD35F00F4812A /* LightTheme.swift */ = {isa = PBXFileReference; fileEncoding = 4; lastKnownFileType = sourcecode.swift; path = LightTheme.swift; sourceTree = "<group>"; };
		532122521EEAD5BF00F4812A /* TabsViewController.swift */ = {isa = PBXFileReference; fileEncoding = 4; lastKnownFileType = sourcecode.swift; path = TabsViewController.swift; sourceTree = "<group>"; };
		532122551EEAD65B00F4812A /* View.swift */ = {isa = PBXFileReference; fileEncoding = 4; lastKnownFileType = sourcecode.swift; path = View.swift; sourceTree = "<group>"; };
		532122571EEAD66000F4812A /* Button.swift */ = {isa = PBXFileReference; fileEncoding = 4; lastKnownFileType = sourcecode.swift; path = Button.swift; sourceTree = "<group>"; };
		532122591EEAD67300F4812A /* OrderedDictionary.swift */ = {isa = PBXFileReference; fileEncoding = 4; lastKnownFileType = sourcecode.swift; path = OrderedDictionary.swift; sourceTree = "<group>"; };
		532122631EEAD75C00F4812A /* SectionedTableView.swift */ = {isa = PBXFileReference; fileEncoding = 4; lastKnownFileType = sourcecode.swift; path = SectionedTableView.swift; sourceTree = "<group>"; };
		532122651EEAD76C00F4812A /* TableView.swift */ = {isa = PBXFileReference; fileEncoding = 4; lastKnownFileType = sourcecode.swift; path = TableView.swift; sourceTree = "<group>"; };
		532122681EEAD7BD00F4812A /* Account.swift */ = {isa = PBXFileReference; fileEncoding = 4; lastKnownFileType = sourcecode.swift; path = Account.swift; sourceTree = "<group>"; };
		532122691EEAD7BD00F4812A /* Institution.swift */ = {isa = PBXFileReference; fileEncoding = 4; lastKnownFileType = sourcecode.swift; path = Institution.swift; sourceTree = "<group>"; };
		5321226C1EEAD7DD00F4812A /* NotificationCenter.swift */ = {isa = PBXFileReference; fileEncoding = 4; lastKnownFileType = sourcecode.swift; path = NotificationCenter.swift; sourceTree = "<group>"; };
		5321226F1EEAD7F800F4812A /* Notifications.swift */ = {isa = PBXFileReference; fileEncoding = 4; lastKnownFileType = sourcecode.swift; path = Notifications.swift; sourceTree = "<group>"; };
		532122711EEAD80B00F4812A /* Utils.swift */ = {isa = PBXFileReference; fileEncoding = 4; lastKnownFileType = sourcecode.swift; path = Utils.swift; sourceTree = "<group>"; };
		532122751EEAD87000F4812A /* CwlSysctl.swift */ = {isa = PBXFileReference; fileEncoding = 4; lastKnownFileType = sourcecode.swift; path = CwlSysctl.swift; sourceTree = "<group>"; };
		532122771EEAD89300F4812A /* TabViewModel.swift */ = {isa = PBXFileReference; fileEncoding = 4; lastKnownFileType = sourcecode.swift; path = TabViewModel.swift; sourceTree = "<group>"; };
		5321227A1EEAD8D000F4812A /* Source.swift */ = {isa = PBXFileReference; fileEncoding = 4; lastKnownFileType = sourcecode.swift; path = Source.swift; sourceTree = "<group>"; };
		5321227C1EEAD8DA00F4812A /* AccountType.swift */ = {isa = PBXFileReference; fileEncoding = 4; lastKnownFileType = sourcecode.swift; path = AccountType.swift; sourceTree = "<group>"; };
		5321227E1EEAD9D300F4812A /* ScrollView.swift */ = {isa = PBXFileReference; fileEncoding = 4; lastKnownFileType = sourcecode.swift; path = ScrollView.swift; sourceTree = "<group>"; };
		532122801EEADA0700F4812A /* LabelField.swift */ = {isa = PBXFileReference; fileEncoding = 4; lastKnownFileType = sourcecode.swift; path = LabelField.swift; sourceTree = "<group>"; };
		532122821EEADA1100F4812A /* ImageView.swift */ = {isa = PBXFileReference; fileEncoding = 4; lastKnownFileType = sourcecode.swift; path = ImageView.swift; sourceTree = "<group>"; };
		532122841EEADA2B00F4812A /* NSView.swift */ = {isa = PBXFileReference; fileEncoding = 4; lastKnownFileType = sourcecode.swift; path = NSView.swift; sourceTree = "<group>"; };
		532122861EEADA5800F4812A /* TextField.swift */ = {isa = PBXFileReference; fileEncoding = 4; lastKnownFileType = sourcecode.swift; path = TextField.swift; sourceTree = "<group>"; };
		532122881EEADC9600F4812A /* ObjC.h */ = {isa = PBXFileReference; fileEncoding = 4; lastKnownFileType = sourcecode.c.h; path = ObjC.h; sourceTree = "<group>"; };
		532122891EEADC9600F4812A /* ObjC.m */ = {isa = PBXFileReference; fileEncoding = 4; lastKnownFileType = sourcecode.c.objc; path = ObjC.m; sourceTree = "<group>"; };
		5321228B1EEADD0200F4812A /* NetworkStatus.swift */ = {isa = PBXFileReference; fileEncoding = 4; lastKnownFileType = sourcecode.swift; path = NetworkStatus.swift; sourceTree = "<group>"; };
		5321228D1EEADD3500F4812A /* ServerMessage.swift */ = {isa = PBXFileReference; fileEncoding = 4; lastKnownFileType = sourcecode.swift; path = ServerMessage.swift; sourceTree = "<group>"; };
		5321228F1EEADE1D00F4812A /* PaintCodeView.swift */ = {isa = PBXFileReference; fileEncoding = 4; lastKnownFileType = sourcecode.swift; path = PaintCodeView.swift; sourceTree = "<group>"; };
		532122911EEADE2700F4812A /* VisualEffectView.swift */ = {isa = PBXFileReference; fileEncoding = 4; lastKnownFileType = sourcecode.swift; path = VisualEffectView.swift; sourceTree = "<group>"; };
		532122931EEADE4B00F4812A /* HoverTableRowView.swift */ = {isa = PBXFileReference; fileEncoding = 4; lastKnownFileType = sourcecode.swift; path = HoverTableRowView.swift; sourceTree = "<group>"; };
		532122951EEADE9400F4812A /* TableRowView.swift */ = {isa = PBXFileReference; fileEncoding = 4; lastKnownFileType = sourcecode.swift; path = TableRowView.swift; sourceTree = "<group>"; };
		532122971EEADEBD00F4812A /* NSColor.swift */ = {isa = PBXFileReference; fileEncoding = 4; lastKnownFileType = sourcecode.swift; path = NSColor.swift; sourceTree = "<group>"; };
		532122991EEADFE500F4812A /* QCMethod.swift */ = {isa = PBXFileReference; fileEncoding = 4; lastKnownFileType = sourcecode.swift; path = QCMethod.swift; sourceTree = "<group>"; };
		5321229B1EEADFF500F4812A /* SyncCircle.swift */ = {isa = PBXFileReference; fileEncoding = 4; lastKnownFileType = sourcecode.swift; path = SyncCircle.swift; sourceTree = "<group>"; };
		5321229D1EEAE00600F4812A /* SyncButton.swift */ = {isa = PBXFileReference; fileEncoding = 4; lastKnownFileType = sourcecode.swift; path = SyncButton.swift; sourceTree = "<group>"; };
		5321229F1EEAE01400F4812A /* SyncDefaults.swift */ = {isa = PBXFileReference; fileEncoding = 4; lastKnownFileType = sourcecode.swift; path = SyncDefaults.swift; sourceTree = "<group>"; };
		532122A71EEAE3E500F4812A /* DispatchQueue.swift */ = {isa = PBXFileReference; fileEncoding = 4; lastKnownFileType = sourcecode.swift; path = DispatchQueue.swift; sourceTree = "<group>"; };
		532122A91EEAE3F300F4812A /* NSFont.swift */ = {isa = PBXFileReference; fileEncoding = 4; lastKnownFileType = sourcecode.swift; path = NSFont.swift; sourceTree = "<group>"; };
		532122AB1EEAE56400F4812A /* Shortcut.swift */ = {isa = PBXFileReference; fileEncoding = 4; lastKnownFileType = sourcecode.swift; path = Shortcut.swift; sourceTree = "<group>"; };
		532122AE1EEAE6F700F4812A /* PreferencesAccounts.swift */ = {isa = PBXFileReference; fileEncoding = 4; lastKnownFileType = sourcecode.swift; path = PreferencesAccounts.swift; sourceTree = "<group>"; };
		532122B01EEAE85500F4812A /* AccountConnectionErrors.swift */ = {isa = PBXFileReference; fileEncoding = 4; lastKnownFileType = sourcecode.swift; path = AccountConnectionErrors.swift; sourceTree = "<group>"; };
		532122B21EEAE86C00F4812A /* PaintCodeButton.swift */ = {isa = PBXFileReference; fileEncoding = 4; lastKnownFileType = sourcecode.swift; path = PaintCodeButton.swift; sourceTree = "<group>"; };
		532122B41EEAE89A00F4812A /* TypeAliases.swift */ = {isa = PBXFileReference; fileEncoding = 4; lastKnownFileType = sourcecode.swift; path = TypeAliases.swift; sourceTree = "<group>"; };
		532122B61EEAE93400F4812A /* NSImage.swift */ = {isa = PBXFileReference; fileEncoding = 4; lastKnownFileType = sourcecode.swift; path = NSImage.swift; sourceTree = "<group>"; };
		532122B81EEAEAE600F4812A /* Date.swift */ = {isa = PBXFileReference; fileEncoding = 4; lastKnownFileType = sourcecode.swift; path = Date.swift; sourceTree = "<group>"; };
		532122BA1EEAED1F00F4812A /* SetPasswordViewController.swift */ = {isa = PBXFileReference; fileEncoding = 4; lastKnownFileType = sourcecode.swift; path = SetPasswordViewController.swift; sourceTree = "<group>"; };
		532122BC1EEAED3100F4812A /* ChangePasswordViewController.swift */ = {isa = PBXFileReference; fileEncoding = 4; lastKnownFileType = sourcecode.swift; path = ChangePasswordViewController.swift; sourceTree = "<group>"; };
		532122BE1EEAED4200F4812A /* DisablePasswordViewController.swift */ = {isa = PBXFileReference; fileEncoding = 4; lastKnownFileType = sourcecode.swift; path = DisablePasswordViewController.swift; sourceTree = "<group>"; };
		532122C21EEAEDC400F4812A /* BalanceTextField.swift */ = {isa = PBXFileReference; fileEncoding = 4; lastKnownFileType = sourcecode.swift; path = BalanceTextField.swift; sourceTree = "<group>"; };
		532122C41EEAEE5900F4812A /* SecureField.swift */ = {isa = PBXFileReference; fileEncoding = 4; lastKnownFileType = sourcecode.swift; path = SecureField.swift; sourceTree = "<group>"; };
		532122C81EEAF09700F4812A /* Assets.xcassets */ = {isa = PBXFileReference; lastKnownFileType = folder.assetcatalog; path = Assets.xcassets; sourceTree = "<group>"; };
		532122CA1EEAFDF100F4812A /* LockViewController.swift */ = {isa = PBXFileReference; fileEncoding = 4; lastKnownFileType = sourcecode.swift; path = LockViewController.swift; sourceTree = "<group>"; };
		532122CC1EEAFF6300F4812A /* NSWindow.swift */ = {isa = PBXFileReference; fileEncoding = 4; lastKnownFileType = sourcecode.swift; path = NSWindow.swift; sourceTree = "<group>"; };
		532122CE1EEB008700F4812A /* AddAccountViewController.swift */ = {isa = PBXFileReference; fileEncoding = 4; lastKnownFileType = sourcecode.swift; path = AddAccountViewController.swift; sourceTree = "<group>"; };
		532122D01EEB04DA00F4812A /* HoverButton.swift */ = {isa = PBXFileReference; fileEncoding = 4; lastKnownFileType = sourcecode.swift; path = HoverButton.swift; sourceTree = "<group>"; };
		532122D21EEB05A800F4812A /* AddAccountButtons.swift */ = {isa = PBXFileReference; fileEncoding = 4; lastKnownFileType = sourcecode.swift; path = AddAccountButtons.swift; sourceTree = "<group>"; };
		5353D33A1EF4096D003EE2F5 /* Locksmith.framework */ = {isa = PBXFileReference; lastKnownFileType = wrapper.framework; name = Locksmith.framework; path = Carthage/Build/Mac/Locksmith.framework; sourceTree = SOURCE_ROOT; };
		5353D33B1EF4096D003EE2F5 /* MASShortcut.framework */ = {isa = PBXFileReference; lastKnownFileType = wrapper.framework; name = MASShortcut.framework; path = Carthage/Build/Mac/MASShortcut.framework; sourceTree = SOURCE_ROOT; };
		5353D33C1EF4096D003EE2F5 /* NSDateTimeAgo.framework */ = {isa = PBXFileReference; lastKnownFileType = wrapper.framework; name = NSDateTimeAgo.framework; path = Carthage/Build/Mac/NSDateTimeAgo.framework; sourceTree = SOURCE_ROOT; };
		5353D33D1EF4096D003EE2F5 /* ObjcExceptionBridging.framework */ = {isa = PBXFileReference; lastKnownFileType = wrapper.framework; name = ObjcExceptionBridging.framework; path = Carthage/Build/Mac/ObjcExceptionBridging.framework; sourceTree = SOURCE_ROOT; };
		5353D33E1EF4096D003EE2F5 /* Reachability.framework */ = {isa = PBXFileReference; lastKnownFileType = wrapper.framework; name = Reachability.framework; path = Carthage/Build/Mac/Reachability.framework; sourceTree = SOURCE_ROOT; };
		5353D33F1EF4096D003EE2F5 /* SnapKit.framework */ = {isa = PBXFileReference; lastKnownFileType = wrapper.framework; name = SnapKit.framework; path = Carthage/Build/Mac/SnapKit.framework; sourceTree = SOURCE_ROOT; };
		5353D3401EF4096D003EE2F5 /* TrustKit.framework */ = {isa = PBXFileReference; lastKnownFileType = wrapper.framework; name = TrustKit.framework; path = Carthage/Build/Mac/TrustKit.framework; sourceTree = SOURCE_ROOT; };
		5353D3411EF4096D003EE2F5 /* XCGLogger.framework */ = {isa = PBXFileReference; lastKnownFileType = wrapper.framework; name = XCGLogger.framework; path = Carthage/Build/Mac/XCGLogger.framework; sourceTree = SOURCE_ROOT; };
		538A2C641EFD277700C542C4 /* LetsMove.framework */ = {isa = PBXFileReference; lastKnownFileType = wrapper.framework; path = LetsMove.framework; sourceTree = "<group>"; };
		538A2C671EFD278000C542C4 /* Security.framework */ = {isa = PBXFileReference; lastKnownFileType = wrapper.framework; name = Security.framework; path = System/Library/Frameworks/Security.framework; sourceTree = SDKROOT; };
		538A2C6B1EFD27C700C542C4 /* PFMoveApplication.h */ = {isa = PBXFileReference; fileEncoding = 4; lastKnownFileType = sourcecode.c.h; path = PFMoveApplication.h; sourceTree = "<group>"; };
		538A2C6C1EFD27C700C542C4 /* PFMoveApplication.m */ = {isa = PBXFileReference; fileEncoding = 4; lastKnownFileType = sourcecode.c.objc; path = PFMoveApplication.m; sourceTree = "<group>"; };
		53946F9D1EEB10AA00E921C3 /* KeychainManagement.swift */ = {isa = PBXFileReference; fileEncoding = 4; lastKnownFileType = sourcecode.swift; path = KeychainManagement.swift; sourceTree = "<group>"; };
		53946F9E1EEB10AA00E921C3 /* KeychainManager.swift */ = {isa = PBXFileReference; fileEncoding = 4; lastKnownFileType = sourcecode.swift; path = KeychainManager.swift; sourceTree = "<group>"; };
		53946FA21EEF0B0B00E921C3 /* CoinbaseAccount.swift */ = {isa = PBXFileReference; fileEncoding = 4; lastKnownFileType = sourcecode.swift; path = CoinbaseAccount.swift; sourceTree = "<group>"; };
		53946FA41EF0035200E921C3 /* CoinbaseApi.swift */ = {isa = PBXFileReference; fileEncoding = 4; lastKnownFileType = sourcecode.swift; path = CoinbaseApi.swift; sourceTree = "<group>"; };
		53F8E2E91EF1B6E90071FC73 /* Currency.swift */ = {isa = PBXFileReference; fileEncoding = 4; lastKnownFileType = sourcecode.swift; path = Currency.swift; sourceTree = "<group>"; };
		53FA52FE1EF3FA93002990B0 /* InstitutionButtons.swift */ = {isa = PBXFileReference; fileEncoding = 4; lastKnownFileType = sourcecode.swift; path = InstitutionButtons.swift; sourceTree = "<group>"; };
		53FA52FF1EF3FA93002990B0 /* InstitutionHeaderBars.swift */ = {isa = PBXFileReference; fileEncoding = 4; lastKnownFileType = sourcecode.swift; path = InstitutionHeaderBars.swift; sourceTree = "<group>"; };
		53FA53021EF3FAFE002990B0 /* InstitutionDefaultBar.swift */ = {isa = PBXFileReference; fileEncoding = 4; lastKnownFileType = sourcecode.swift; path = InstitutionDefaultBar.swift; sourceTree = "<group>"; };
		53FA53031EF3FAFE002990B0 /* InstitutionHeaders.swift */ = {isa = PBXFileReference; fileEncoding = 4; lastKnownFileType = sourcecode.swift; path = InstitutionHeaders.swift; sourceTree = "<group>"; };
/* End PBXFileReference section */

/* Begin PBXFrameworksBuildPhase section */
		2D4450061EF3A4500023F63C /* Frameworks */ = {
			isa = PBXFrameworksBuildPhase;
			buildActionMask = 2147483647;
			files = (
			);
			runOnlyForDeploymentPostprocessing = 0;
		};
		2DF76CDA1F212F6F00EE18BB /* Frameworks */ = {
			isa = PBXFrameworksBuildPhase;
			buildActionMask = 2147483647;
			files = (
			);
			runOnlyForDeploymentPostprocessing = 0;
		};
		532121AF1EEAC2BF00F4812A /* Frameworks */ = {
			isa = PBXFrameworksBuildPhase;
			buildActionMask = 2147483647;
			files = (
				538A2C681EFD278000C542C4 /* Security.framework in Frameworks */,
				5353D3421EF4096D003EE2F5 /* Locksmith.framework in Frameworks */,
				5353D34E1EF409F3003EE2F5 /* NSDateTimeAgo.framework in Frameworks */,
				532121E31EEAC4E300F4812A /* libsqlcipher.a in Frameworks */,
				5353D3451EF4096D003EE2F5 /* ObjcExceptionBridging.framework in Frameworks */,
				5353D3431EF4096D003EE2F5 /* MASShortcut.framework in Frameworks */,
				5353D3541EF409F3003EE2F5 /* SnapKit.framework in Frameworks */,
				5353D3521EF409F3003EE2F5 /* Reachability.framework in Frameworks */,
				5353D3491EF4096D003EE2F5 /* XCGLogger.framework in Frameworks */,
				5353D3561EF409F3003EE2F5 /* TrustKit.framework in Frameworks */,
				2DA7FAB91EF2637700CD8CED /* Sparkle.framework in Frameworks */,
				538A2C651EFD277700C542C4 /* LetsMove.framework in Frameworks */,
			);
			runOnlyForDeploymentPostprocessing = 0;
		};
/* End PBXFrameworksBuildPhase section */

/* Begin PBXGroup section */
		2D44500A1EF3A4500023F63C /* AutoLaunchBalanceHelper */ = {
			isa = PBXGroup;
			children = (
				2D44500E1EF3A4500023F63C /* Supporting Files */,
				2D44500B1EF3A4500023F63C /* AppDelegate.h */,
				2D44500C1EF3A4500023F63C /* AppDelegate.m */,
				2D4450141EF3A4500023F63C /* Assets.xcassets */,
				2D4450191EF3A4500023F63C /* Info.plist */,
				2D4450161EF3A4500023F63C /* Main.storyboard */,
			);
			path = AutoLaunchBalanceHelper;
			sourceTree = "<group>";
		};
		2D44500E1EF3A4500023F63C /* Supporting Files */ = {
			isa = PBXGroup;
			children = (
				2D44500F1EF3A4500023F63C /* main.m */,
			);
			path = "Supporting Files";
			sourceTree = "<group>";
		};
		2DF76CDE1F212F6F00EE18BB /* BalanceOpenTests */ = {
			isa = PBXGroup;
			children = (
				2DF76CDF1F212F6F00EE18BB /* CoinbaseTests.swift */,
				2DF76CE11F212F6F00EE18BB /* Info.plist */,
			);
			path = BalanceOpenTests;
			sourceTree = "<group>";
		};
		532121A91EEAC2BF00F4812A = {
			isa = PBXGroup;
			children = (
				532121B41EEAC2BF00F4812A /* BalanceOpen */,
				2D44500A1EF3A4500023F63C /* AutoLaunchBalanceHelper */,
				2DF76CDE1F212F6F00EE18BB /* BalanceOpenTests */,
				532121B31EEAC2BF00F4812A /* Products */,
				538A2C661EFD278000C542C4 /* Frameworks */,
			);
			sourceTree = "<group>";
		};
		532121B31EEAC2BF00F4812A /* Products */ = {
			isa = PBXGroup;
			children = (
				532121B21EEAC2BF00F4812A /* BalanceOpen.app */,
				2D4450091EF3A4500023F63C /* AutoLaunchBalanceHelper.app */,
				2DF76CDD1F212F6F00EE18BB /* BalanceOpenTests.xctest */,
			);
			name = Products;
			sourceTree = "<group>";
		};
		532121B41EEAC2BF00F4812A /* BalanceOpen */ = {
			isa = PBXGroup;
			children = (
				532121B51EEAC2BF00F4812A /* AppDelegate.swift */,
				532121C81EEAC48F00F4812A /* UI */,
				532121C41EEAC44400F4812A /* Data Model */,
				532121F91EEAC74100F4812A /* Extensions */,
				532121C91EEAC49600F4812A /* Frameworks */,
				532121C71EEAC47D00F4812A /* Supporting Files */,
			);
			path = BalanceOpen;
			sourceTree = "<group>";
		};
		532121C41EEAC44400F4812A /* Data Model */ = {
			isa = PBXGroup;
			children = (
				53946FA11EEF0AEB00E921C3 /* API Models */,
				5321226E1EEAD7E300F4812A /* Local Models */,
				532122671EEAD78D00F4812A /* Static & Singletons */,
			);
			path = "Data Model";
			sourceTree = "<group>";
		};
		532121C71EEAC47D00F4812A /* Supporting Files */ = {
			isa = PBXGroup;
			children = (
				532122C81EEAF09700F4812A /* Assets.xcassets */,
				532121E41EEAC53A00F4812A /* Bridging-Header.h */,
				532121BE1EEAC2BF00F4812A /* Info.plist */,
				5321222C1EEAD15D00F4812A /* Main.storyboard */,
				5321222D1EEAD19600F4812A /* main.swift */,
			);
			path = "Supporting Files";
			sourceTree = "<group>";
		};
		532121C81EEAC48F00F4812A /* UI */ = {
			isa = PBXGroup;
			children = (
				532122791EEAD8B500F4812A /* Models */,
				532122311EEAD1C000F4812A /* Preferences */,
				532122AD1EEAE6E700F4812A /* Vector Graphics Draw Functions */,
				532122541EEAD63700F4812A /* Views */,
				5321223E1EEAD2B700F4812A /* AccountsTabTableCells.swift */,
				532122401EEAD2B700F4812A /* AccountsTabViewController.swift */,
				532122CE1EEB008700F4812A /* AddAccountViewController.swift */,
				5321224A1EEAD35F00F4812A /* DarkTheme.swift */,
				5321224B1EEAD35F00F4812A /* LightTheme.swift */,
				532122CA1EEAFDF100F4812A /* LockViewController.swift */,
				5321222F1EEAD1BB00F4812A /* PopoverViewController.swift */,
				532122521EEAD5BF00F4812A /* TabsViewController.swift */,
				532122461EEAD32B00F4812A /* Theme.swift */,
			);
			path = UI;
			sourceTree = "<group>";
		};
		532121C91EEAC49600F4812A /* Frameworks */ = {
			isa = PBXGroup;
			children = (
				2DA7FAB81EF2637700CD8CED /* Sparkle.framework */,
				538A2C6E1EFD27CC00C542C4 /* LetsMove */,
				532121FC1EEAC89B00F4812A /* CCNStatusItem */,
				532121EB1EEAC70200F4812A /* Carthage */,
				532121CC1EEAC4DC00F4812A /* fmdb */,
				532122751EEAD87000F4812A /* CwlSysctl.swift */,
				532122881EEADC9600F4812A /* ObjC.h */,
				532122891EEADC9600F4812A /* ObjC.m */,
				532122991EEADFE500F4812A /* QCMethod.swift */,
				532121E21EEAC4E300F4812A /* libsqlcipher.a */,
			);
			path = Frameworks;
			sourceTree = "<group>";
		};
		532121CC1EEAC4DC00F4812A /* fmdb */ = {
			isa = PBXGroup;
			children = (
				532121D81EEAC4DC00F4812A /* Swift extensions */,
				532121D51EEAC4DC00F4812A /* FMDB.h */,
				532121CD1EEAC4DC00F4812A /* FMDatabase.h */,
				532121CE1EEAC4DC00F4812A /* FMDatabase.m */,
				532121CF1EEAC4DC00F4812A /* FMDatabaseAdditions.h */,
				532121D01EEAC4DC00F4812A /* FMDatabaseAdditions.m */,
				532121D11EEAC4DC00F4812A /* FMDatabasePool.h */,
				532121D21EEAC4DC00F4812A /* FMDatabasePool.m */,
				530DD1871EF458A400C0DDD3 /* FMDatabasePoolAdditions.h */,
				530DD1881EF458A400C0DDD3 /* FMDatabasePoolAdditions.m */,
				532121D31EEAC4DC00F4812A /* FMDatabaseQueue.h */,
				532121D41EEAC4DC00F4812A /* FMDatabaseQueue.m */,
				532121D61EEAC4DC00F4812A /* FMResultSet.h */,
				532121D71EEAC4DC00F4812A /* FMResultSet.m */,
			);
			path = fmdb;
			sourceTree = "<group>";
		};
		532121D81EEAC4DC00F4812A /* Swift extensions */ = {
			isa = PBXGroup;
			children = (
				532121D91EEAC4DC00F4812A /* FMDatabaseAdditionsVariadic.swift */,
				532121DA1EEAC4DC00F4812A /* FMDatabaseVariadic.swift */,
			);
			path = "Swift extensions";
			sourceTree = "<group>";
		};
		532121EB1EEAC70200F4812A /* Carthage */ = {
			isa = PBXGroup;
			children = (
				5353D33A1EF4096D003EE2F5 /* Locksmith.framework */,
				5353D33B1EF4096D003EE2F5 /* MASShortcut.framework */,
				5353D33C1EF4096D003EE2F5 /* NSDateTimeAgo.framework */,
				5353D33D1EF4096D003EE2F5 /* ObjcExceptionBridging.framework */,
				5353D33E1EF4096D003EE2F5 /* Reachability.framework */,
				5353D33F1EF4096D003EE2F5 /* SnapKit.framework */,
				5353D3401EF4096D003EE2F5 /* TrustKit.framework */,
				5353D3411EF4096D003EE2F5 /* XCGLogger.framework */,
			);
			path = Carthage;
			sourceTree = "<group>";
		};
		532121F91EEAC74100F4812A /* Extensions */ = {
			isa = PBXGroup;
			children = (
				532122B81EEAEAE600F4812A /* Date.swift */,
				532122A71EEAE3E500F4812A /* DispatchQueue.swift */,
				532122971EEADEBD00F4812A /* NSColor.swift */,
				532122A91EEAE3F300F4812A /* NSFont.swift */,
				532122B61EEAE93400F4812A /* NSImage.swift */,
				532122841EEADA2B00F4812A /* NSView.swift */,
				532122CC1EEAFF6300F4812A /* NSWindow.swift */,
				5321226C1EEAD7DD00F4812A /* NotificationCenter.swift */,
				532121FA1EEAC75A00F4812A /* String.swift */,
			);
			path = Extensions;
			sourceTree = "<group>";
		};
		532121FC1EEAC89B00F4812A /* CCNStatusItem */ = {
			isa = PBXGroup;
			children = (
				532121FD1EEAC89B00F4812A /* CCNStatusItem.h */,
				532121FE1EEAC89B00F4812A /* CCNStatusItem.m */,
				532121FF1EEAC89B00F4812A /* CCNStatusItemDropView.h */,
				532122001EEAC89B00F4812A /* CCNStatusItemDropView.m */,
				532122011EEAC89B00F4812A /* CCNStatusItemWindow.h */,
				532122021EEAC89B00F4812A /* CCNStatusItemWindow.m */,
				532122031EEAC89B00F4812A /* CCNStatusItemWindowBackgroundView.h */,
				532122041EEAC89B00F4812A /* CCNStatusItemWindowBackgroundView.m */,
				532122051EEAC89B00F4812A /* CCNStatusItemWindowConfiguration.h */,
				532122061EEAC89B00F4812A /* CCNStatusItemWindowConfiguration.m */,
				532122071EEAC89B00F4812A /* CCNStatusItemWindowController.h */,
				532122081EEAC89B00F4812A /* CCNStatusItemWindowController.m */,
			);
			path = CCNStatusItem;
			sourceTree = "<group>";
		};
		532122311EEAD1C000F4812A /* Preferences */ = {
			isa = PBXGroup;
			children = (
				532122BC1EEAED3100F4812A /* ChangePasswordViewController.swift */,
				532122BE1EEAED4200F4812A /* DisablePasswordViewController.swift */,
				532122321EEAD1D100F4812A /* PreferencesAccountsViewController.swift */,
				532122341EEAD1D100F4812A /* PreferencesGeneralViewController.swift */,
				532122361EEAD1D100F4812A /* PreferencesSecurityViewController.swift */,
				532122371EEAD1D100F4812A /* PreferencesViewController.swift */,
				532122BA1EEAED1F00F4812A /* SetPasswordViewController.swift */,
			);
			path = Preferences;
			sourceTree = "<group>";
		};
		532122541EEAD63700F4812A /* Views */ = {
			isa = PBXGroup;
			children = (
				532122C21EEAEDC400F4812A /* BalanceTextField.swift */,
				532122571EEAD66000F4812A /* Button.swift */,
				532122D01EEB04DA00F4812A /* HoverButton.swift */,
				532122931EEADE4B00F4812A /* HoverTableRowView.swift */,
				532122821EEADA1100F4812A /* ImageView.swift */,
				532122801EEADA0700F4812A /* LabelField.swift */,
				532122B21EEAE86C00F4812A /* PaintCodeButton.swift */,
				5321228F1EEADE1D00F4812A /* PaintCodeView.swift */,
				5321227E1EEAD9D300F4812A /* ScrollView.swift */,
				532122631EEAD75C00F4812A /* SectionedTableView.swift */,
				532122C41EEAEE5900F4812A /* SecureField.swift */,
				5321229D1EEAE00600F4812A /* SyncButton.swift */,
				5321229B1EEADFF500F4812A /* SyncCircle.swift */,
				532122951EEADE9400F4812A /* TableRowView.swift */,
				532122651EEAD76C00F4812A /* TableView.swift */,
				532122861EEADA5800F4812A /* TextField.swift */,
				532122551EEAD65B00F4812A /* View.swift */,
				532122911EEADE2700F4812A /* VisualEffectView.swift */,
			);
			path = Views;
			sourceTree = "<group>";
		};
		532122671EEAD78D00F4812A /* Static & Singletons */ = {
			isa = PBXGroup;
			children = (
				5321220F1EEAC8CB00F4812A /* AppLock.swift */,
				532122211EEAC99000F4812A /* CertValidator.h */,
				532122221EEAC99000F4812A /* CertValidator.m */,
				532121C51EEAC47300F4812A /* Database.swift */,
				532122191EEAC90C00F4812A /* Defaults.swift */,
				5321221A1EEAC90C00F4812A /* DefaultsStorage.swift */,
				53946F9D1EEB10AA00E921C3 /* KeychainManagement.swift */,
				53946F9E1EEB10AA00E921C3 /* KeychainManager.swift */,
				532122131EEAC8E400F4812A /* Logging.swift */,
				5321228B1EEADD0200F4812A /* NetworkStatus.swift */,
				5321226F1EEAD7F800F4812A /* Notifications.swift */,
				532122591EEAD67300F4812A /* OrderedDictionary.swift */,
				5321228D1EEADD3500F4812A /* ServerMessage.swift */,
				532122AB1EEAE56400F4812A /* Shortcut.swift */,
				532121E91EEAC5F300F4812A /* Singletons.swift */,
				5321229F1EEAE01400F4812A /* SyncDefaults.swift */,
				532122161EEAC8F800F4812A /* SyncManager.swift */,
				532122711EEAD80B00F4812A /* Utils.swift */,
			);
			path = "Static & Singletons";
			sourceTree = "<group>";
		};
		5321226E1EEAD7E300F4812A /* Local Models */ = {
			isa = PBXGroup;
			children = (
				532122681EEAD7BD00F4812A /* Account.swift */,
				5321227C1EEAD8DA00F4812A /* AccountType.swift */,
				53F8E2E91EF1B6E90071FC73 /* Currency.swift */,
				532122691EEAD7BD00F4812A /* Institution.swift */,
				5321227A1EEAD8D000F4812A /* Source.swift */,
				532122151EEAC8F800F4812A /* Syncer.swift */,
			);
			path = "Local Models";
			sourceTree = "<group>";
		};
		532122791EEAD8B500F4812A /* Models */ = {
			isa = PBXGroup;
			children = (
				532122411EEAD2B700F4812A /* AccountsTabViewModel.swift */,
				532122771EEAD89300F4812A /* TabViewModel.swift */,
			);
			path = Models;
			sourceTree = "<group>";
		};
		532122AD1EEAE6E700F4812A /* Vector Graphics Draw Functions */ = {
			isa = PBXGroup;
			children = (
				532122B01EEAE85500F4812A /* AccountConnectionErrors.swift */,
				532122D21EEB05A800F4812A /* AddAccountButtons.swift */,
				53FA52FE1EF3FA93002990B0 /* InstitutionButtons.swift */,
				53FA53021EF3FAFE002990B0 /* InstitutionDefaultBar.swift */,
				53FA52FF1EF3FA93002990B0 /* InstitutionHeaderBars.swift */,
				53FA53031EF3FAFE002990B0 /* InstitutionHeaders.swift */,
				532122AE1EEAE6F700F4812A /* PreferencesAccounts.swift */,
				532122B41EEAE89A00F4812A /* TypeAliases.swift */,
			);
			path = "Vector Graphics Draw Functions";
			sourceTree = "<group>";
		};
		538A2C661EFD278000C542C4 /* Frameworks */ = {
			isa = PBXGroup;
			children = (
				538A2C671EFD278000C542C4 /* Security.framework */,
			);
			name = Frameworks;
			sourceTree = "<group>";
		};
		538A2C6E1EFD27CC00C542C4 /* LetsMove */ = {
			isa = PBXGroup;
			children = (
				538A2C6B1EFD27C700C542C4 /* PFMoveApplication.h */,
				538A2C6C1EFD27C700C542C4 /* PFMoveApplication.m */,
				538A2C641EFD277700C542C4 /* LetsMove.framework */,
			);
			name = LetsMove;
			sourceTree = "<group>";
		};
		53946FA11EEF0AEB00E921C3 /* API Models */ = {
			isa = PBXGroup;
			children = (
				53946FA21EEF0B0B00E921C3 /* CoinbaseAccount.swift */,
				53946FA41EF0035200E921C3 /* CoinbaseApi.swift */,
			);
			path = "API Models";
			sourceTree = "<group>";
		};
/* End PBXGroup section */

/* Begin PBXNativeTarget section */
		2D4450081EF3A4500023F63C /* AutoLaunchBalanceHelper */ = {
			isa = PBXNativeTarget;
			buildConfigurationList = 2D4450361EF3A4510023F63C /* Build configuration list for PBXNativeTarget "AutoLaunchBalanceHelper" */;
			buildPhases = (
				2D4450051EF3A4500023F63C /* Sources */,
				2D4450061EF3A4500023F63C /* Frameworks */,
				2D4450071EF3A4500023F63C /* Resources */,
				2D4450391EF3A4DF0023F63C /* CopyFiles */,
			);
			buildRules = (
			);
			dependencies = (
			);
			name = AutoLaunchBalanceHelper;
			productName = AutoLaunchBalanceHelper;
			productReference = 2D4450091EF3A4500023F63C /* AutoLaunchBalanceHelper.app */;
			productType = "com.apple.product-type.application";
		};
		2DF76CDC1F212F6F00EE18BB /* BalanceOpenTests */ = {
			isa = PBXNativeTarget;
			buildConfigurationList = 2DF76CE61F212F6F00EE18BB /* Build configuration list for PBXNativeTarget "BalanceOpenTests" */;
			buildPhases = (
				2DF76CD91F212F6F00EE18BB /* Sources */,
				2DF76CDA1F212F6F00EE18BB /* Frameworks */,
				2DF76CDB1F212F6F00EE18BB /* Resources */,
			);
			buildRules = (
			);
			dependencies = (
				2DF76CE31F212F6F00EE18BB /* PBXTargetDependency */,
			);
			name = BalanceOpenTests;
			productName = BalanceOpenTests;
			productReference = 2DF76CDD1F212F6F00EE18BB /* BalanceOpenTests.xctest */;
			productType = "com.apple.product-type.bundle.unit-test";
		};
		532121B11EEAC2BF00F4812A /* BalanceOpen */ = {
			isa = PBXNativeTarget;
			buildConfigurationList = 532121C11EEAC2BF00F4812A /* Build configuration list for PBXNativeTarget "BalanceOpen" */;
			buildPhases = (
				532121AE1EEAC2BF00F4812A /* Sources */,
				532121AF1EEAC2BF00F4812A /* Frameworks */,
				532121B01EEAC2BF00F4812A /* Resources */,
				532121F81EEAC72D00F4812A /* Embed Frameworks */,
			);
			buildRules = (
			);
			dependencies = (
			);
			name = BalanceOpen;
			productName = BalanceForBlockchain;
			productReference = 532121B21EEAC2BF00F4812A /* BalanceOpen.app */;
			productType = "com.apple.product-type.application";
		};
/* End PBXNativeTarget section */

/* Begin PBXProject section */
		532121AA1EEAC2BF00F4812A /* Project object */ = {
			isa = PBXProject;
			attributes = {
				LastSwiftUpdateCheck = 0900;
				LastUpgradeCheck = 0900;
				ORGANIZATIONNAME = "Balanced Software, Inc.";
				TargetAttributes = {
					2D4450081EF3A4500023F63C = {
						CreatedOnToolsVersion = 8.3.3;
						DevelopmentTeam = Q4G66XSS36;
						ProvisioningStyle = Automatic;
					};
					2DF76CDC1F212F6F00EE18BB = {
						CreatedOnToolsVersion = 9.0;
						DevelopmentTeam = Q4G66XSS36;
						TestTargetID = 532121B11EEAC2BF00F4812A;
					};
					532121B11EEAC2BF00F4812A = {
						CreatedOnToolsVersion = 8.3.3;
						DevelopmentTeam = Q4G66XSS36;
						LastSwiftMigration = 0900;
						ProvisioningStyle = Automatic;
					};
				};
			};
			buildConfigurationList = 532121AD1EEAC2BF00F4812A /* Build configuration list for PBXProject "BalanceOpen" */;
			compatibilityVersion = "Xcode 3.2";
			developmentRegion = English;
			hasScannedForEncodings = 0;
			knownRegions = (
				en,
				Base,
			);
			mainGroup = 532121A91EEAC2BF00F4812A;
			productRefGroup = 532121B31EEAC2BF00F4812A /* Products */;
			projectDirPath = "";
			projectRoot = "";
			targets = (
				532121B11EEAC2BF00F4812A /* BalanceOpen */,
				2D4450081EF3A4500023F63C /* AutoLaunchBalanceHelper */,
				2DF76CDC1F212F6F00EE18BB /* BalanceOpenTests */,
			);
		};
/* End PBXProject section */

/* Begin PBXResourcesBuildPhase section */
		2D4450071EF3A4500023F63C /* Resources */ = {
			isa = PBXResourcesBuildPhase;
			buildActionMask = 2147483647;
			files = (
				2D4450151EF3A4500023F63C /* Assets.xcassets in Resources */,
				2D4450181EF3A4500023F63C /* Main.storyboard in Resources */,
			);
			runOnlyForDeploymentPostprocessing = 0;
		};
		2DF76CDB1F212F6F00EE18BB /* Resources */ = {
			isa = PBXResourcesBuildPhase;
			buildActionMask = 2147483647;
			files = (
			);
			runOnlyForDeploymentPostprocessing = 0;
		};
		532121B01EEAC2BF00F4812A /* Resources */ = {
			isa = PBXResourcesBuildPhase;
			buildActionMask = 2147483647;
			files = (
				532122C91EEAF09700F4812A /* Assets.xcassets in Resources */,
				5321222A1EEAD15D00F4812A /* Main.storyboard in Resources */,
			);
			runOnlyForDeploymentPostprocessing = 0;
		};
/* End PBXResourcesBuildPhase section */

/* Begin PBXSourcesBuildPhase section */
		2D4450051EF3A4500023F63C /* Sources */ = {
			isa = PBXSourcesBuildPhase;
			buildActionMask = 2147483647;
			files = (
				2D4450101EF3A4500023F63C /* main.m in Sources */,
				2D44500D1EF3A4500023F63C /* AppDelegate.m in Sources */,
			);
			runOnlyForDeploymentPostprocessing = 0;
		};
		2DF76CD91F212F6F00EE18BB /* Sources */ = {
			isa = PBXSourcesBuildPhase;
			buildActionMask = 2147483647;
			files = (
				2DF76CE01F212F6F00EE18BB /* CoinbaseTests.swift in Sources */,
			);
			runOnlyForDeploymentPostprocessing = 0;
		};
		532121AE1EEAC2BF00F4812A /* Sources */ = {
			isa = PBXSourcesBuildPhase;
			buildActionMask = 2147483647;
			files = (
				532122421EEAD2B700F4812A /* AccountsTabTableCells.swift in Sources */,
				532122451EEAD2B700F4812A /* AccountsTabViewModel.swift in Sources */,
				532121C61EEAC47300F4812A /* Database.swift in Sources */,
				5321221B1EEAC90C00F4812A /* Defaults.swift in Sources */,
				532122871EEADA5800F4812A /* TextField.swift in Sources */,
				532122BF1EEAED4200F4812A /* DisablePasswordViewController.swift in Sources */,
				532122141EEAC8E400F4812A /* Logging.swift in Sources */,
				532122721EEAD80B00F4812A /* Utils.swift in Sources */,
				5321225A1EEAD67300F4812A /* OrderedDictionary.swift in Sources */,
				532122111EEAC8CB00F4812A /* AppLock.swift in Sources */,
				5321220B1EEAC89B00F4812A /* CCNStatusItemWindow.m in Sources */,
				532122981EEADEBD00F4812A /* NSColor.swift in Sources */,
				532122941EEADE4B00F4812A /* HoverTableRowView.swift in Sources */,
				532122A01EEAE01400F4812A /* SyncDefaults.swift in Sources */,
				532122581EEAD66000F4812A /* Button.swift in Sources */,
				5321223D1EEAD1D100F4812A /* PreferencesViewController.swift in Sources */,
				532121DD1EEAC4DC00F4812A /* FMDatabasePool.m in Sources */,
				532122921EEADE2700F4812A /* VisualEffectView.swift in Sources */,
				53946F9F1EEB10AA00E921C3 /* KeychainManagement.swift in Sources */,
				532121E11EEAC4DC00F4812A /* FMDatabaseVariadic.swift in Sources */,
				532122381EEAD1D100F4812A /* PreferencesAccountsViewController.swift in Sources */,
				5321222E1EEAD19600F4812A /* main.swift in Sources */,
				532121FB1EEAC75A00F4812A /* String.swift in Sources */,
				5321227B1EEAD8D000F4812A /* Source.swift in Sources */,
				532122761EEAD87000F4812A /* CwlSysctl.swift in Sources */,
				53FA53051EF3FAFE002990B0 /* InstitutionHeaders.swift in Sources */,
				532122CB1EEAFDF100F4812A /* LockViewController.swift in Sources */,
				532122AA1EEAE3F300F4812A /* NSFont.swift in Sources */,
				53FA53041EF3FAFE002990B0 /* InstitutionDefaultBar.swift in Sources */,
				532122091EEAC89B00F4812A /* CCNStatusItem.m in Sources */,
				532121DE1EEAC4DC00F4812A /* FMDatabaseQueue.m in Sources */,
				530DD1891EF458A400C0DDD3 /* FMDatabasePoolAdditions.m in Sources */,
				532122B11EEAE85500F4812A /* AccountConnectionErrors.swift in Sources */,
				532122481EEAD32B00F4812A /* Theme.swift in Sources */,
				532122441EEAD2B700F4812A /* AccountsTabViewController.swift in Sources */,
				5321220D1EEAC89B00F4812A /* CCNStatusItemWindowConfiguration.m in Sources */,
				5321229C1EEADFF500F4812A /* SyncCircle.swift in Sources */,
				532122961EEADE9400F4812A /* TableRowView.swift in Sources */,
				5321227F1EEAD9D300F4812A /* ScrollView.swift in Sources */,
				532122171EEAC8F800F4812A /* Syncer.swift in Sources */,
				532122C51EEAEE5900F4812A /* SecureField.swift in Sources */,
				532122561EEAD65B00F4812A /* View.swift in Sources */,
				532122CF1EEB008700F4812A /* AddAccountViewController.swift in Sources */,
				5321227D1EEAD8DA00F4812A /* AccountType.swift in Sources */,
				532122701EEAD7F800F4812A /* Notifications.swift in Sources */,
				532122A81EEAE3E500F4812A /* DispatchQueue.swift in Sources */,
				532122BB1EEAED1F00F4812A /* SetPasswordViewController.swift in Sources */,
				53946FA31EEF0B0B00E921C3 /* CoinbaseAccount.swift in Sources */,
				532121B61EEAC2BF00F4812A /* AppDelegate.swift in Sources */,
				532122AF1EEAE6F700F4812A /* PreferencesAccounts.swift in Sources */,
				5321226B1EEAD7BD00F4812A /* Institution.swift in Sources */,
				532122B51EEAE89A00F4812A /* TypeAliases.swift in Sources */,
				53946FA01EEB10AA00E921C3 /* KeychainManager.swift in Sources */,
				5321228E1EEADD3500F4812A /* ServerMessage.swift in Sources */,
				532122781EEAD89300F4812A /* TabViewModel.swift in Sources */,
				5321223A1EEAD1D100F4812A /* PreferencesGeneralViewController.swift in Sources */,
				532122D31EEB05A800F4812A /* AddAccountButtons.swift in Sources */,
				5321228A1EEADC9600F4812A /* ObjC.m in Sources */,
				5321220A1EEAC89B00F4812A /* CCNStatusItemDropView.m in Sources */,
				5321229A1EEADFE500F4812A /* QCMethod.swift in Sources */,
				532122181EEAC8F800F4812A /* SyncManager.swift in Sources */,
				532122B91EEAEAE600F4812A /* Date.swift in Sources */,
				532122641EEAD75C00F4812A /* SectionedTableView.swift in Sources */,
				5321223C1EEAD1D100F4812A /* PreferencesSecurityViewController.swift in Sources */,
				532122831EEADA1100F4812A /* ImageView.swift in Sources */,
				5321228C1EEADD0200F4812A /* NetworkStatus.swift in Sources */,
				532122811EEADA0700F4812A /* LabelField.swift in Sources */,
				532122B31EEAE86C00F4812A /* PaintCodeButton.swift in Sources */,
				5321226A1EEAD7BD00F4812A /* Account.swift in Sources */,
				532122661EEAD76C00F4812A /* TableView.swift in Sources */,
				5321224C1EEAD35F00F4812A /* DarkTheme.swift in Sources */,
				53FA53001EF3FA93002990B0 /* InstitutionButtons.swift in Sources */,
				532122531EEAD5BF00F4812A /* TabsViewController.swift in Sources */,
				532122C31EEAEDC400F4812A /* BalanceTextField.swift in Sources */,
				5321220C1EEAC89B00F4812A /* CCNStatusItemWindowBackgroundView.m in Sources */,
				5321229E1EEAE00600F4812A /* SyncButton.swift in Sources */,
				532122301EEAD1BB00F4812A /* PopoverViewController.swift in Sources */,
				53946FA51EF0035200E921C3 /* CoinbaseApi.swift in Sources */,
				53F8E2EA1EF1B6E90071FC73 /* Currency.swift in Sources */,
				532122CD1EEAFF6300F4812A /* NSWindow.swift in Sources */,
				532122AC1EEAE56400F4812A /* Shortcut.swift in Sources */,
				538A2C6D1EFD27C700C542C4 /* PFMoveApplication.m in Sources */,
				5321221C1EEAC90C00F4812A /* DefaultsStorage.swift in Sources */,
				532121DB1EEAC4DC00F4812A /* FMDatabase.m in Sources */,
				532122901EEADE1D00F4812A /* PaintCodeView.swift in Sources */,
				532122BD1EEAED3100F4812A /* ChangePasswordViewController.swift in Sources */,
				532122231EEAC99000F4812A /* CertValidator.m in Sources */,
				53FA53011EF3FA93002990B0 /* InstitutionHeaderBars.swift in Sources */,
				532121DF1EEAC4DC00F4812A /* FMResultSet.m in Sources */,
				532122B71EEAE93400F4812A /* NSImage.swift in Sources */,
				532121DC1EEAC4DC00F4812A /* FMDatabaseAdditions.m in Sources */,
				5321226D1EEAD7DD00F4812A /* NotificationCenter.swift in Sources */,
				5321220E1EEAC89B00F4812A /* CCNStatusItemWindowController.m in Sources */,
				532122D11EEB04DA00F4812A /* HoverButton.swift in Sources */,
				532121E01EEAC4DC00F4812A /* FMDatabaseAdditionsVariadic.swift in Sources */,
				5321224D1EEAD35F00F4812A /* LightTheme.swift in Sources */,
				532121EA1EEAC5F300F4812A /* Singletons.swift in Sources */,
				532122851EEADA2B00F4812A /* NSView.swift in Sources */,
			);
			runOnlyForDeploymentPostprocessing = 0;
		};
/* End PBXSourcesBuildPhase section */

/* Begin PBXTargetDependency section */
		2DF76CE31F212F6F00EE18BB /* PBXTargetDependency */ = {
			isa = PBXTargetDependency;
			target = 532121B11EEAC2BF00F4812A /* BalanceOpen */;
			targetProxy = 2DF76CE21F212F6F00EE18BB /* PBXContainerItemProxy */;
		};
/* End PBXTargetDependency section */

/* Begin PBXVariantGroup section */
		2D4450161EF3A4500023F63C /* Main.storyboard */ = {
			isa = PBXVariantGroup;
			children = (
				2D4450171EF3A4500023F63C /* Base */,
			);
			name = Main.storyboard;
			path = .;
			sourceTree = "<group>";
		};
		5321222C1EEAD15D00F4812A /* Main.storyboard */ = {
			isa = PBXVariantGroup;
			children = (
				5321222B1EEAD15D00F4812A /* Base */,
			);
			name = Main.storyboard;
			path = .;
			sourceTree = "<group>";
		};
/* End PBXVariantGroup section */

/* Begin XCBuildConfiguration section */
		2D4450301EF3A4510023F63C /* Debug */ = {
			isa = XCBuildConfiguration;
			buildSettings = {
				ASSETCATALOG_COMPILER_APPICON_NAME = AppIcon;
				CODE_SIGN_IDENTITY = "Mac Developer";
				COMBINE_HIDPI_IMAGES = YES;
				DEVELOPMENT_TEAM = Q4G66XSS36;
				INFOPLIST_FILE = AutoLaunchBalanceHelper/Info.plist;
				LD_RUNPATH_SEARCH_PATHS = "$(inherited) @executable_path/../Frameworks";
				PRODUCT_BUNDLE_IDENTIFIER = balance.money.AutoLaunchBalanceHelper;
				PRODUCT_NAME = "$(TARGET_NAME)";
				PROVISIONING_PROFILE_SPECIFIER = "";
				SKIP_INSTALL = YES;
			};
			name = Debug;
		};
		2D4450311EF3A4510023F63C /* Release */ = {
			isa = XCBuildConfiguration;
			buildSettings = {
				ASSETCATALOG_COMPILER_APPICON_NAME = AppIcon;
				CODE_SIGN_IDENTITY = "Mac Developer";
				COMBINE_HIDPI_IMAGES = YES;
				DEVELOPMENT_TEAM = Q4G66XSS36;
				INFOPLIST_FILE = AutoLaunchBalanceHelper/Info.plist;
				LD_RUNPATH_SEARCH_PATHS = "$(inherited) @executable_path/../Frameworks";
				PRODUCT_BUNDLE_IDENTIFIER = balance.money.AutoLaunchBalanceHelper;
				PRODUCT_NAME = "$(TARGET_NAME)";
				PROVISIONING_PROFILE_SPECIFIER = "";
				SKIP_INSTALL = YES;
			};
			name = Release;
		};
		2DF76CE41F212F6F00EE18BB /* Debug */ = {
			isa = XCBuildConfiguration;
			buildSettings = {
				BUNDLE_LOADER = "$(TEST_HOST)";
				CLANG_CXX_LANGUAGE_STANDARD = "gnu++14";
				CLANG_WARN_UNGUARDED_AVAILABILITY = YES_AGGRESSIVE;
				CODE_SIGN_IDENTITY = "Mac Developer";
				COMBINE_HIDPI_IMAGES = YES;
				DEVELOPMENT_TEAM = Q4G66XSS36;
				GCC_C_LANGUAGE_STANDARD = gnu11;
				INFOPLIST_FILE = BalanceOpenTests/Info.plist;
				LD_RUNPATH_SEARCH_PATHS = "$(inherited) @executable_path/../Frameworks @loader_path/../Frameworks";
				PRODUCT_BUNDLE_IDENTIFIER = balance.money.BalanceOpenTests;
				PRODUCT_NAME = "$(TARGET_NAME)";
				SWIFT_VERSION = 4.0;
				TEST_HOST = "$(BUILT_PRODUCTS_DIR)/BalanceOpen.app/Contents/MacOS/BalanceOpen";
			};
			name = Debug;
		};
		2DF76CE51F212F6F00EE18BB /* Release */ = {
			isa = XCBuildConfiguration;
			buildSettings = {
				BUNDLE_LOADER = "$(TEST_HOST)";
				CLANG_CXX_LANGUAGE_STANDARD = "gnu++14";
				CLANG_WARN_UNGUARDED_AVAILABILITY = YES_AGGRESSIVE;
				CODE_SIGN_IDENTITY = "Mac Developer";
				COMBINE_HIDPI_IMAGES = YES;
				DEVELOPMENT_TEAM = Q4G66XSS36;
				GCC_C_LANGUAGE_STANDARD = gnu11;
				INFOPLIST_FILE = BalanceOpenTests/Info.plist;
				LD_RUNPATH_SEARCH_PATHS = "$(inherited) @executable_path/../Frameworks @loader_path/../Frameworks";
				PRODUCT_BUNDLE_IDENTIFIER = balance.money.BalanceOpenTests;
				PRODUCT_NAME = "$(TARGET_NAME)";
				SWIFT_VERSION = 4.0;
				TEST_HOST = "$(BUILT_PRODUCTS_DIR)/BalanceOpen.app/Contents/MacOS/BalanceOpen";
			};
			name = Release;
		};
		532121BF1EEAC2BF00F4812A /* Debug */ = {
			isa = XCBuildConfiguration;
			buildSettings = {
				ALWAYS_SEARCH_USER_PATHS = NO;
				CLANG_ANALYZER_NONNULL = YES;
				CLANG_ANALYZER_NUMBER_OBJECT_CONVERSION = YES_AGGRESSIVE;
				CLANG_CXX_LANGUAGE_STANDARD = "gnu++0x";
				CLANG_CXX_LIBRARY = "libc++";
				CLANG_ENABLE_MODULES = YES;
				CLANG_ENABLE_OBJC_ARC = YES;
				CLANG_WARN_BLOCK_CAPTURE_AUTORELEASING = YES;
				CLANG_WARN_BOOL_CONVERSION = YES;
				CLANG_WARN_COMMA = YES;
				CLANG_WARN_CONSTANT_CONVERSION = YES;
				CLANG_WARN_DIRECT_OBJC_ISA_USAGE = YES_ERROR;
				CLANG_WARN_DOCUMENTATION_COMMENTS = YES;
				CLANG_WARN_EMPTY_BODY = YES;
				CLANG_WARN_ENUM_CONVERSION = YES;
				CLANG_WARN_INFINITE_RECURSION = YES;
				CLANG_WARN_INT_CONVERSION = YES;
				CLANG_WARN_NON_LITERAL_NULL_CONVERSION = YES;
				CLANG_WARN_OBJC_LITERAL_CONVERSION = YES;
				CLANG_WARN_OBJC_ROOT_CLASS = YES_ERROR;
				CLANG_WARN_RANGE_LOOP_ANALYSIS = YES;
				CLANG_WARN_STRICT_PROTOTYPES = YES;
				CLANG_WARN_SUSPICIOUS_MOVE = YES;
				CLANG_WARN_UNREACHABLE_CODE = YES;
				CLANG_WARN__DUPLICATE_METHOD_MATCH = YES;
				CODE_SIGN_IDENTITY = "-";
				COPY_PHASE_STRIP = NO;
				DEBUG_INFORMATION_FORMAT = dwarf;
				ENABLE_STRICT_OBJC_MSGSEND = YES;
				ENABLE_TESTABILITY = YES;
				GCC_C_LANGUAGE_STANDARD = gnu99;
				GCC_DYNAMIC_NO_PIC = NO;
				GCC_NO_COMMON_BLOCKS = YES;
				GCC_OPTIMIZATION_LEVEL = 0;
				GCC_PREPROCESSOR_DEFINITIONS = (
					"DEBUG=1",
					"$(inherited)",
				);
				GCC_WARN_64_TO_32_BIT_CONVERSION = YES;
				GCC_WARN_ABOUT_RETURN_TYPE = YES_ERROR;
				GCC_WARN_UNDECLARED_SELECTOR = YES;
				GCC_WARN_UNINITIALIZED_AUTOS = YES_AGGRESSIVE;
				GCC_WARN_UNUSED_FUNCTION = YES;
				GCC_WARN_UNUSED_VARIABLE = YES;
				MACOSX_DEPLOYMENT_TARGET = 10.12;
				MTL_ENABLE_DEBUG_INFO = YES;
				ONLY_ACTIVE_ARCH = YES;
				SDKROOT = macosx;
				SWIFT_ACTIVE_COMPILATION_CONDITIONS = DEBUG;
				SWIFT_OPTIMIZATION_LEVEL = "-Onone";
				SWIFT_VERSION = 3.0;
			};
			name = Debug;
		};
		532121C01EEAC2BF00F4812A /* Release */ = {
			isa = XCBuildConfiguration;
			buildSettings = {
				ALWAYS_SEARCH_USER_PATHS = NO;
				CLANG_ANALYZER_NONNULL = YES;
				CLANG_ANALYZER_NUMBER_OBJECT_CONVERSION = YES_AGGRESSIVE;
				CLANG_CXX_LANGUAGE_STANDARD = "gnu++0x";
				CLANG_CXX_LIBRARY = "libc++";
				CLANG_ENABLE_MODULES = YES;
				CLANG_ENABLE_OBJC_ARC = YES;
				CLANG_WARN_BLOCK_CAPTURE_AUTORELEASING = YES;
				CLANG_WARN_BOOL_CONVERSION = YES;
				CLANG_WARN_COMMA = YES;
				CLANG_WARN_CONSTANT_CONVERSION = YES;
				CLANG_WARN_DIRECT_OBJC_ISA_USAGE = YES_ERROR;
				CLANG_WARN_DOCUMENTATION_COMMENTS = YES;
				CLANG_WARN_EMPTY_BODY = YES;
				CLANG_WARN_ENUM_CONVERSION = YES;
				CLANG_WARN_INFINITE_RECURSION = YES;
				CLANG_WARN_INT_CONVERSION = YES;
				CLANG_WARN_NON_LITERAL_NULL_CONVERSION = YES;
				CLANG_WARN_OBJC_LITERAL_CONVERSION = YES;
				CLANG_WARN_OBJC_ROOT_CLASS = YES_ERROR;
				CLANG_WARN_RANGE_LOOP_ANALYSIS = YES;
				CLANG_WARN_STRICT_PROTOTYPES = YES;
				CLANG_WARN_SUSPICIOUS_MOVE = YES;
				CLANG_WARN_UNREACHABLE_CODE = YES;
				CLANG_WARN__DUPLICATE_METHOD_MATCH = YES;
				CODE_SIGN_IDENTITY = "-";
				COPY_PHASE_STRIP = NO;
				DEBUG_INFORMATION_FORMAT = "dwarf-with-dsym";
				ENABLE_NS_ASSERTIONS = NO;
				ENABLE_STRICT_OBJC_MSGSEND = YES;
				GCC_C_LANGUAGE_STANDARD = gnu99;
				GCC_NO_COMMON_BLOCKS = YES;
				GCC_WARN_64_TO_32_BIT_CONVERSION = YES;
				GCC_WARN_ABOUT_RETURN_TYPE = YES_ERROR;
				GCC_WARN_UNDECLARED_SELECTOR = YES;
				GCC_WARN_UNINITIALIZED_AUTOS = YES_AGGRESSIVE;
				GCC_WARN_UNUSED_FUNCTION = YES;
				GCC_WARN_UNUSED_VARIABLE = YES;
				MACOSX_DEPLOYMENT_TARGET = 10.12;
				MTL_ENABLE_DEBUG_INFO = NO;
				SDKROOT = macosx;
				SWIFT_OPTIMIZATION_LEVEL = "-Owholemodule";
				SWIFT_VERSION = 3.0;
			};
			name = Release;
		};
		532121C21EEAC2BF00F4812A /* Debug */ = {
			isa = XCBuildConfiguration;
			buildSettings = {
				ASSETCATALOG_COMPILER_APPICON_NAME = AppIcon;
				CODE_SIGN_IDENTITY = "Mac Developer";
				COMBINE_HIDPI_IMAGES = YES;
				DEVELOPMENT_TEAM = "";
				FRAMEWORK_SEARCH_PATHS = (
					"$(inherited)",
					"$(PROJECT_DIR)/Carthage/Build/Mac",
					"$(PROJECT_DIR)/BalanceOpen/Frameworks",
				);
				INFOPLIST_FILE = "BalanceOpen/Supporting Files/Info.plist";
				LD_RUNPATH_SEARCH_PATHS = "$(inherited) @executable_path/../Frameworks @loader_path/../Frameworks";
				LIBRARY_SEARCH_PATHS = (
					"$(inherited)",
					"$(PROJECT_DIR)/BalanceOpen",
					"$(PROJECT_DIR)/BalanceOpen/Frameworks",
				);
				MACOSX_DEPLOYMENT_TARGET = 10.11;
				PRODUCT_BUNDLE_IDENTIFIER = "software.balanced.balance-open";
				PRODUCT_NAME = "$(TARGET_NAME)";
				PROVISIONING_PROFILE_SPECIFIER = "";
				SWIFT_OBJC_BRIDGING_HEADER = "BalanceOpen/Supporting Files/Bridging-Header.h";
				SWIFT_VERSION = 4.0;
			};
			name = Debug;
		};
		532121C31EEAC2BF00F4812A /* Release */ = {
			isa = XCBuildConfiguration;
			buildSettings = {
				ASSETCATALOG_COMPILER_APPICON_NAME = AppIcon;
				CODE_SIGN_IDENTITY = "Mac Developer";
				COMBINE_HIDPI_IMAGES = YES;
				DEVELOPMENT_TEAM = "";
				FRAMEWORK_SEARCH_PATHS = (
					"$(inherited)",
					"$(PROJECT_DIR)/Carthage/Build/Mac",
					"$(PROJECT_DIR)/BalanceOpen/Frameworks",
				);
				INFOPLIST_FILE = "BalanceOpen/Supporting Files/Info.plist";
				LD_RUNPATH_SEARCH_PATHS = "$(inherited) @executable_path/../Frameworks @loader_path/../Frameworks";
				LIBRARY_SEARCH_PATHS = (
					"$(inherited)",
					"$(PROJECT_DIR)/BalanceOpen",
					"$(PROJECT_DIR)/BalanceOpen/Frameworks",
				);
				MACOSX_DEPLOYMENT_TARGET = 10.11;
				PRODUCT_BUNDLE_IDENTIFIER = "software.balanced.balance-open";
				PRODUCT_NAME = "$(TARGET_NAME)";
				PROVISIONING_PROFILE_SPECIFIER = "";
				SWIFT_OBJC_BRIDGING_HEADER = "BalanceOpen/Supporting Files/Bridging-Header.h";
				SWIFT_VERSION = 4.0;
			};
			name = Release;
		};
/* End XCBuildConfiguration section */

/* Begin XCConfigurationList section */
		2D4450361EF3A4510023F63C /* Build configuration list for PBXNativeTarget "AutoLaunchBalanceHelper" */ = {
			isa = XCConfigurationList;
			buildConfigurations = (
				2D4450301EF3A4510023F63C /* Debug */,
				2D4450311EF3A4510023F63C /* Release */,
			);
			defaultConfigurationIsVisible = 0;
			defaultConfigurationName = Release;
		};
		2DF76CE61F212F6F00EE18BB /* Build configuration list for PBXNativeTarget "BalanceOpenTests" */ = {
			isa = XCConfigurationList;
			buildConfigurations = (
				2DF76CE41F212F6F00EE18BB /* Debug */,
				2DF76CE51F212F6F00EE18BB /* Release */,
			);
			defaultConfigurationIsVisible = 0;
		};
		532121AD1EEAC2BF00F4812A /* Build configuration list for PBXProject "BalanceOpen" */ = {
			isa = XCConfigurationList;
			buildConfigurations = (
				532121BF1EEAC2BF00F4812A /* Debug */,
				532121C01EEAC2BF00F4812A /* Release */,
			);
			defaultConfigurationIsVisible = 0;
			defaultConfigurationName = Release;
		};
		532121C11EEAC2BF00F4812A /* Build configuration list for PBXNativeTarget "BalanceOpen" */ = {
			isa = XCConfigurationList;
			buildConfigurations = (
				532121C21EEAC2BF00F4812A /* Debug */,
				532121C31EEAC2BF00F4812A /* Release */,
			);
			defaultConfigurationIsVisible = 0;
			defaultConfigurationName = Release;
		};
/* End XCConfigurationList section */
	};
	rootObject = 532121AA1EEAC2BF00F4812A /* Project object */;
}
